// !$*UTF8*$!
{
	archiveVersion = 1;
	classes = {
	};
	objectVersion = 46;
	objects = {

/* Begin PBXBuildFile section */
		B61FF6C34BCF75E10AFDD8D5 /* libPods-Unit Tests.a in Frameworks */ = {isa = PBXBuildFile; fileRef = 358D1AE37F6A67F9CE5ADC47 /* libPods-Unit Tests.a */; };
		D0AF56C11A08383F0093D5A5 /* LYRUISampleConversationsViewController.m in Sources */ = {isa = PBXBuildFile; fileRef = D0AF56C01A08383F0093D5A5 /* LYRUISampleConversationsViewController.m */; };
		D0D778C71A02EAEE000A5F51 /* Images.xcassets in Resources */ = {isa = PBXBuildFile; fileRef = D0D778BF1A02EAEE000A5F51 /* Images.xcassets */; };
		D0D778CA1A02EAEE000A5F51 /* LYRUISampleConversationRootViewController.m in Sources */ = {isa = PBXBuildFile; fileRef = D0D778C41A02EAEE000A5F51 /* LYRUISampleConversationRootViewController.m */; };
		D0D778CB1A02EAEE000A5F51 /* main.m in Sources */ = {isa = PBXBuildFile; fileRef = D0D778C51A02EAEE000A5F51 /* main.m */; };
		D0D778DF1A02EBDE000A5F51 /* LYRUIConversationDataSourceTests.m in Sources */ = {isa = PBXBuildFile; fileRef = D0D778DE1A02EBDE000A5F51 /* LYRUIConversationDataSourceTests.m */; };
		D0E7294C1A02F1C700B76672 /* LYRUIAppDelegate.m in Sources */ = {isa = PBXBuildFile; fileRef = D0E7294B1A02F1C700B76672 /* LYRUIAppDelegate.m */; };
		D0E7294F1A02FDB900B76672 /* LYRClientMock.m in Sources */ = {isa = PBXBuildFile; fileRef = D0E7294E1A02FDB900B76672 /* LYRClientMock.m */; };
		D0E729511A03202700B76672 /* LYRClientMockTests.m in Sources */ = {isa = PBXBuildFile; fileRef = D0E729501A03202700B76672 /* LYRClientMockTests.m */; };
		D0E729541A04306F00B76672 /* LYRClientMockFactory.m in Sources */ = {isa = PBXBuildFile; fileRef = D0E729531A04306F00B76672 /* LYRClientMockFactory.m */; };
		D0E7295A1A04413D00B76672 /* LYRUserMock.m in Sources */ = {isa = PBXBuildFile; fileRef = D0E729591A04413D00B76672 /* LYRUserMock.m */; };
		F309E194D1651CC5D4FEA717 /* libPods-Conversation.a in Frameworks */ = {isa = PBXBuildFile; fileRef = D9A79E80B908428B22486437 /* libPods-Conversation.a */; };
/* End PBXBuildFile section */

/* Begin PBXContainerItemProxy section */
		D0D778D91A02EB83000A5F51 /* PBXContainerItemProxy */ = {
			isa = PBXContainerItemProxy;
			containerPortal = D0D778891A02E2B2000A5F51 /* Project object */;
			proxyType = 1;
			remoteGlobalIDString = D0D778921A02EAA9000A5F51;
			remoteInfo = Conversation;
		};
/* End PBXContainerItemProxy section */

/* Begin PBXFileReference section */
		1F88B2BB7AACF5DFC943592C /* Pods-Unit Tests.debug.xcconfig */ = {isa = PBXFileReference; includeInIndex = 1; lastKnownFileType = text.xcconfig; name = "Pods-Unit Tests.debug.xcconfig"; path = "Pods/Target Support Files/Pods-Unit Tests/Pods-Unit Tests.debug.xcconfig"; sourceTree = "<group>"; };
		358D1AE37F6A67F9CE5ADC47 /* libPods-Unit Tests.a */ = {isa = PBXFileReference; explicitFileType = archive.ar; includeInIndex = 0; path = "libPods-Unit Tests.a"; sourceTree = BUILT_PRODUCTS_DIR; };
		4A1A0BE9E193CC265341461A /* Pods-Unit Tests.release.xcconfig */ = {isa = PBXFileReference; includeInIndex = 1; lastKnownFileType = text.xcconfig; name = "Pods-Unit Tests.release.xcconfig"; path = "Pods/Target Support Files/Pods-Unit Tests/Pods-Unit Tests.release.xcconfig"; sourceTree = "<group>"; };
		5C9A8B1181386C002F1F0585 /* Pods-Conversation.release.xcconfig */ = {isa = PBXFileReference; includeInIndex = 1; lastKnownFileType = text.xcconfig; name = "Pods-Conversation.release.xcconfig"; path = "Pods/Target Support Files/Pods-Conversation/Pods-Conversation.release.xcconfig"; sourceTree = "<group>"; };
		9337BCDD41DBBADF3D4BBD19 /* Pods-Conversation.debug.xcconfig */ = {isa = PBXFileReference; includeInIndex = 1; lastKnownFileType = text.xcconfig; name = "Pods-Conversation.debug.xcconfig"; path = "Pods/Target Support Files/Pods-Conversation/Pods-Conversation.debug.xcconfig"; sourceTree = "<group>"; };
		D0AF56BF1A08383F0093D5A5 /* LYRUISampleConversationsViewController.h */ = {isa = PBXFileReference; fileEncoding = 4; lastKnownFileType = sourcecode.c.h; path = LYRUISampleConversationsViewController.h; sourceTree = "<group>"; };
		D0AF56C01A08383F0093D5A5 /* LYRUISampleConversationsViewController.m */ = {isa = PBXFileReference; fileEncoding = 4; lastKnownFileType = sourcecode.c.objc; path = LYRUISampleConversationsViewController.m; sourceTree = "<group>"; };
		D0D778931A02EAA9000A5F51 /* Conversation.app */ = {isa = PBXFileReference; explicitFileType = wrapper.application; includeInIndex = 0; path = Conversation.app; sourceTree = BUILT_PRODUCTS_DIR; };
		D0D778BE1A02EAEE000A5F51 /* Base */ = {isa = PBXFileReference; lastKnownFileType = file.xib; name = Base; path = Base.lproj/LaunchScreen.xib; sourceTree = "<group>"; };
		D0D778BF1A02EAEE000A5F51 /* Images.xcassets */ = {isa = PBXFileReference; lastKnownFileType = folder.assetcatalog; path = Images.xcassets; sourceTree = "<group>"; };
		D0D778C01A02EAEE000A5F51 /* Info.plist */ = {isa = PBXFileReference; fileEncoding = 4; lastKnownFileType = text.plist.xml; path = Info.plist; sourceTree = "<group>"; };
		D0D778C31A02EAEE000A5F51 /* LYRUISampleConversationRootViewController.h */ = {isa = PBXFileReference; fileEncoding = 4; lastKnownFileType = sourcecode.c.h; path = LYRUISampleConversationRootViewController.h; sourceTree = "<group>"; };
		D0D778C41A02EAEE000A5F51 /* LYRUISampleConversationRootViewController.m */ = {isa = PBXFileReference; fileEncoding = 4; lastKnownFileType = sourcecode.c.objc; path = LYRUISampleConversationRootViewController.m; sourceTree = "<group>"; };
		D0D778C51A02EAEE000A5F51 /* main.m */ = {isa = PBXFileReference; fileEncoding = 4; lastKnownFileType = sourcecode.c.objc; path = main.m; sourceTree = "<group>"; };
		D0D778D31A02EB83000A5F51 /* Unit Tests.xctest */ = {isa = PBXFileReference; explicitFileType = wrapper.cfbundle; includeInIndex = 0; path = "Unit Tests.xctest"; sourceTree = BUILT_PRODUCTS_DIR; };
		D0D778D61A02EB83000A5F51 /* Info.plist */ = {isa = PBXFileReference; lastKnownFileType = text.plist.xml; path = Info.plist; sourceTree = "<group>"; };
		D0D778DE1A02EBDE000A5F51 /* LYRUIConversationDataSourceTests.m */ = {isa = PBXFileReference; fileEncoding = 4; lastKnownFileType = sourcecode.c.objc; path = LYRUIConversationDataSourceTests.m; sourceTree = "<group>"; };
		D0E7294A1A02F1C700B76672 /* LYRUIAppDelegate.h */ = {isa = PBXFileReference; fileEncoding = 4; lastKnownFileType = sourcecode.c.h; path = LYRUIAppDelegate.h; sourceTree = "<group>"; };
		D0E7294B1A02F1C700B76672 /* LYRUIAppDelegate.m */ = {isa = PBXFileReference; fileEncoding = 4; lastKnownFileType = sourcecode.c.objc; path = LYRUIAppDelegate.m; sourceTree = "<group>"; };
		D0E7294D1A02FDB900B76672 /* LYRClientMock.h */ = {isa = PBXFileReference; fileEncoding = 4; lastKnownFileType = sourcecode.c.h; path = LYRClientMock.h; sourceTree = "<group>"; };
		D0E7294E1A02FDB900B76672 /* LYRClientMock.m */ = {isa = PBXFileReference; fileEncoding = 4; lastKnownFileType = sourcecode.c.objc; path = LYRClientMock.m; sourceTree = "<group>"; };
		D0E729501A03202700B76672 /* LYRClientMockTests.m */ = {isa = PBXFileReference; fileEncoding = 4; lastKnownFileType = sourcecode.c.objc; path = LYRClientMockTests.m; sourceTree = "<group>"; };
		D0E729521A04306F00B76672 /* LYRClientMockFactory.h */ = {isa = PBXFileReference; fileEncoding = 4; lastKnownFileType = sourcecode.c.h; path = LYRClientMockFactory.h; sourceTree = "<group>"; };
		D0E729531A04306F00B76672 /* LYRClientMockFactory.m */ = {isa = PBXFileReference; fileEncoding = 4; lastKnownFileType = sourcecode.c.objc; path = LYRClientMockFactory.m; sourceTree = "<group>"; };
		D0E729581A04413D00B76672 /* LYRUserMock.h */ = {isa = PBXFileReference; fileEncoding = 4; lastKnownFileType = sourcecode.c.h; path = LYRUserMock.h; sourceTree = "<group>"; };
		D0E729591A04413D00B76672 /* LYRUserMock.m */ = {isa = PBXFileReference; fileEncoding = 4; lastKnownFileType = sourcecode.c.objc; path = LYRUserMock.m; sourceTree = "<group>"; };
		D9A79E80B908428B22486437 /* libPods-Conversation.a */ = {isa = PBXFileReference; explicitFileType = archive.ar; includeInIndex = 0; path = "libPods-Conversation.a"; sourceTree = BUILT_PRODUCTS_DIR; };
/* End PBXFileReference section */

/* Begin PBXFrameworksBuildPhase section */
		D0D778901A02EAA9000A5F51 /* Frameworks */ = {
			isa = PBXFrameworksBuildPhase;
			buildActionMask = 2147483647;
			files = (
				F309E194D1651CC5D4FEA717 /* libPods-Conversation.a in Frameworks */,
			);
			runOnlyForDeploymentPostprocessing = 0;
		};
		D0D778D01A02EB83000A5F51 /* Frameworks */ = {
			isa = PBXFrameworksBuildPhase;
			buildActionMask = 2147483647;
			files = (
				B61FF6C34BCF75E10AFDD8D5 /* libPods-Unit Tests.a in Frameworks */,
			);
			runOnlyForDeploymentPostprocessing = 0;
		};
/* End PBXFrameworksBuildPhase section */

/* Begin PBXGroup section */
		412524007C3A7505AC34F33C /* Frameworks */ = {
			isa = PBXGroup;
			children = (
				D9A79E80B908428B22486437 /* libPods-Conversation.a */,
				358D1AE37F6A67F9CE5ADC47 /* libPods-Unit Tests.a */,
			);
			name = Frameworks;
			sourceTree = "<group>";
		};
		62DAD57DC0987BFBA6E8516D /* Pods */ = {
			isa = PBXGroup;
			children = (
				9337BCDD41DBBADF3D4BBD19 /* Pods-Conversation.debug.xcconfig */,
				5C9A8B1181386C002F1F0585 /* Pods-Conversation.release.xcconfig */,
				1F88B2BB7AACF5DFC943592C /* Pods-Unit Tests.debug.xcconfig */,
				4A1A0BE9E193CC265341461A /* Pods-Unit Tests.release.xcconfig */,
			);
			name = Pods;
			sourceTree = "<group>";
		};
		D0D778881A02E2B2000A5F51 = {
			isa = PBXGroup;
			children = (
				D0D778BA1A02EAD8000A5F51 /* Samples */,
				D0D778D41A02EB83000A5F51 /* Tests */,
				D0D778941A02EAA9000A5F51 /* Products */,
				62DAD57DC0987BFBA6E8516D /* Pods */,
				412524007C3A7505AC34F33C /* Frameworks */,
			);
			sourceTree = "<group>";
		};
		D0D778941A02EAA9000A5F51 /* Products */ = {
			isa = PBXGroup;
			children = (
				D0D778931A02EAA9000A5F51 /* Conversation.app */,
				D0D778D31A02EB83000A5F51 /* Unit Tests.xctest */,
			);
			name = Products;
			sourceTree = "<group>";
		};
		D0D778BA1A02EAD8000A5F51 /* Samples */ = {
			isa = PBXGroup;
			children = (
				D0D778BC1A02EAEE000A5F51 /* Conversation */,
				D0E729491A02F1C700B76672 /* Shared */,
			);
			name = Samples;
			sourceTree = "<group>";
		};
		D0D778BC1A02EAEE000A5F51 /* Conversation */ = {
			isa = PBXGroup;
			children = (
				D0D778BD1A02EAEE000A5F51 /* LaunchScreen.xib */,
				D0D778BF1A02EAEE000A5F51 /* Images.xcassets */,
				D0D778C01A02EAEE000A5F51 /* Info.plist */,
				D0D778C31A02EAEE000A5F51 /* LYRUISampleConversationRootViewController.h */,
				D0D778C41A02EAEE000A5F51 /* LYRUISampleConversationRootViewController.m */,
				D0AF56BF1A08383F0093D5A5 /* LYRUISampleConversationsViewController.h */,
				D0AF56C01A08383F0093D5A5 /* LYRUISampleConversationsViewController.m */,
			);
			name = Conversation;
			path = "Sample Code/Conversation";
			sourceTree = "<group>";
		};
		D0D778D41A02EB83000A5F51 /* Tests */ = {
			isa = PBXGroup;
			children = (
				D0E729501A03202700B76672 /* LYRClientMockTests.m */,
				D0D778DE1A02EBDE000A5F51 /* LYRUIConversationDataSourceTests.m */,
				D0D778D51A02EB83000A5F51 /* Supporting Files */,
			);
			path = Tests;
			sourceTree = "<group>";
		};
		D0D778D51A02EB83000A5F51 /* Supporting Files */ = {
			isa = PBXGroup;
			children = (
				D0D778D61A02EB83000A5F51 /* Info.plist */,
			);
			name = "Supporting Files";
			sourceTree = "<group>";
		};
		D0E729491A02F1C700B76672 /* Shared */ = {
			isa = PBXGroup;
			children = (
				D0D778C51A02EAEE000A5F51 /* main.m */,
				D0E7294A1A02F1C700B76672 /* LYRUIAppDelegate.h */,
				D0E7294B1A02F1C700B76672 /* LYRUIAppDelegate.m */,
				D0E7294D1A02FDB900B76672 /* LYRClientMock.h */,
				D0E7294E1A02FDB900B76672 /* LYRClientMock.m */,
				D0E729521A04306F00B76672 /* LYRClientMockFactory.h */,
				D0E729531A04306F00B76672 /* LYRClientMockFactory.m */,
				D0E729581A04413D00B76672 /* LYRUserMock.h */,
				D0E729591A04413D00B76672 /* LYRUserMock.m */,
			);
			name = Shared;
			path = "Sample Code/Shared";
			sourceTree = "<group>";
		};
/* End PBXGroup section */

/* Begin PBXNativeTarget section */
		D0D778921A02EAA9000A5F51 /* Conversation */ = {
			isa = PBXNativeTarget;
			buildConfigurationList = D0D778B81A02EAA9000A5F51 /* Build configuration list for PBXNativeTarget "Conversation" */;
			buildPhases = (
				BB6C9FD5FC6F98608BEE1449 /* Check Pods Manifest.lock */,
				D0D7788F1A02EAA9000A5F51 /* Sources */,
				D0D778901A02EAA9000A5F51 /* Frameworks */,
				D0D778911A02EAA9000A5F51 /* Resources */,
				E0581C72EECAFE3A38DBF653 /* Copy Pods Resources */,
			);
			buildRules = (
			);
			dependencies = (
			);
			name = Conversation;
			productName = Conversation;
			productReference = D0D778931A02EAA9000A5F51 /* Conversation.app */;
			productType = "com.apple.product-type.application";
		};
		D0D778D21A02EB83000A5F51 /* Unit Tests */ = {
			isa = PBXNativeTarget;
			buildConfigurationList = D0D778DB1A02EB83000A5F51 /* Build configuration list for PBXNativeTarget "Unit Tests" */;
			buildPhases = (
				043A690407249644D4B1AB38 /* Check Pods Manifest.lock */,
				D0D778CF1A02EB83000A5F51 /* Sources */,
				D0D778D01A02EB83000A5F51 /* Frameworks */,
				D0D778D11A02EB83000A5F51 /* Resources */,
				4F263349FF6ED352CB0DF1C5 /* Copy Pods Resources */,
			);
			buildRules = (
			);
			dependencies = (
				D0D778DA1A02EB83000A5F51 /* PBXTargetDependency */,
			);
			name = "Unit Tests";
			productName = "Unit Tests";
			productReference = D0D778D31A02EB83000A5F51 /* Unit Tests.xctest */;
			productType = "com.apple.product-type.bundle.unit-test";
		};
/* End PBXNativeTarget section */

/* Begin PBXProject section */
		D0D778891A02E2B2000A5F51 /* Project object */ = {
			isa = PBXProject;
			attributes = {
				LastUpgradeCheck = 0610;
				TargetAttributes = {
					D0D778921A02EAA9000A5F51 = {
						CreatedOnToolsVersion = 6.1;
					};
					D0D778D21A02EB83000A5F51 = {
						CreatedOnToolsVersion = 6.1;
						TestTargetID = D0D778921A02EAA9000A5F51;
					};
				};
			};
			buildConfigurationList = D0D7788C1A02E2B2000A5F51 /* Build configuration list for PBXProject "LayerUIKit" */;
			compatibilityVersion = "Xcode 3.2";
			developmentRegion = English;
			hasScannedForEncodings = 0;
			knownRegions = (
				en,
				Base,
			);
			mainGroup = D0D778881A02E2B2000A5F51;
			productRefGroup = D0D778941A02EAA9000A5F51 /* Products */;
			projectDirPath = "";
			projectRoot = "";
			targets = (
				D0D778921A02EAA9000A5F51 /* Conversation */,
				D0D778D21A02EB83000A5F51 /* Unit Tests */,
			);
		};
/* End PBXProject section */

/* Begin PBXResourcesBuildPhase section */
		D0D778911A02EAA9000A5F51 /* Resources */ = {
			isa = PBXResourcesBuildPhase;
			buildActionMask = 2147483647;
			files = (
				D0D778C71A02EAEE000A5F51 /* Images.xcassets in Resources */,
			);
			runOnlyForDeploymentPostprocessing = 0;
		};
		D0D778D11A02EB83000A5F51 /* Resources */ = {
			isa = PBXResourcesBuildPhase;
			buildActionMask = 2147483647;
			files = (
			);
			runOnlyForDeploymentPostprocessing = 0;
		};
/* End PBXResourcesBuildPhase section */

/* Begin PBXShellScriptBuildPhase section */
		043A690407249644D4B1AB38 /* Check Pods Manifest.lock */ = {
			isa = PBXShellScriptBuildPhase;
			buildActionMask = 2147483647;
			files = (
			);
			inputPaths = (
			);
			name = "Check Pods Manifest.lock";
			outputPaths = (
			);
			runOnlyForDeploymentPostprocessing = 0;
			shellPath = /bin/sh;
			shellScript = "diff \"${PODS_ROOT}/../Podfile.lock\" \"${PODS_ROOT}/Manifest.lock\" > /dev/null\nif [[ $? != 0 ]] ; then\n    cat << EOM\nerror: The sandbox is not in sync with the Podfile.lock. Run 'pod install' or update your CocoaPods installation.\nEOM\n    exit 1\nfi\n";
			showEnvVarsInLog = 0;
		};
		4F263349FF6ED352CB0DF1C5 /* Copy Pods Resources */ = {
			isa = PBXShellScriptBuildPhase;
			buildActionMask = 2147483647;
			files = (
			);
			inputPaths = (
			);
			name = "Copy Pods Resources";
			outputPaths = (
			);
			runOnlyForDeploymentPostprocessing = 0;
			shellPath = /bin/sh;
			shellScript = "\"${SRCROOT}/Pods/Target Support Files/Pods-Unit Tests/Pods-Unit Tests-resources.sh\"\n";
			showEnvVarsInLog = 0;
		};
		BB6C9FD5FC6F98608BEE1449 /* Check Pods Manifest.lock */ = {
			isa = PBXShellScriptBuildPhase;
			buildActionMask = 2147483647;
			files = (
			);
			inputPaths = (
			);
			name = "Check Pods Manifest.lock";
			outputPaths = (
			);
			runOnlyForDeploymentPostprocessing = 0;
			shellPath = /bin/sh;
			shellScript = "diff \"${PODS_ROOT}/../Podfile.lock\" \"${PODS_ROOT}/Manifest.lock\" > /dev/null\nif [[ $? != 0 ]] ; then\n    cat << EOM\nerror: The sandbox is not in sync with the Podfile.lock. Run 'pod install' or update your CocoaPods installation.\nEOM\n    exit 1\nfi\n";
			showEnvVarsInLog = 0;
		};
		E0581C72EECAFE3A38DBF653 /* Copy Pods Resources */ = {
			isa = PBXShellScriptBuildPhase;
			buildActionMask = 2147483647;
			files = (
			);
			inputPaths = (
			);
			name = "Copy Pods Resources";
			outputPaths = (
			);
			runOnlyForDeploymentPostprocessing = 0;
			shellPath = /bin/sh;
			shellScript = "\"${SRCROOT}/Pods/Target Support Files/Pods-Conversation/Pods-Conversation-resources.sh\"\n";
			showEnvVarsInLog = 0;
		};
/* End PBXShellScriptBuildPhase section */

/* Begin PBXSourcesBuildPhase section */
		D0D7788F1A02EAA9000A5F51 /* Sources */ = {
			isa = PBXSourcesBuildPhase;
			buildActionMask = 2147483647;
			files = (
				D0AF56C11A08383F0093D5A5 /* LYRUISampleConversationsViewController.m in Sources */,
				D0D778CB1A02EAEE000A5F51 /* main.m in Sources */,
				D0E7294C1A02F1C700B76672 /* LYRUIAppDelegate.m in Sources */,
				D0E7295A1A04413D00B76672 /* LYRUserMock.m in Sources */,
				D0E7294F1A02FDB900B76672 /* LYRClientMock.m in Sources */,
				D0D778CA1A02EAEE000A5F51 /* LYRUISampleConversationRootViewController.m in Sources */,
				D0E729541A04306F00B76672 /* LYRClientMockFactory.m in Sources */,
			);
			runOnlyForDeploymentPostprocessing = 0;
		};
		D0D778CF1A02EB83000A5F51 /* Sources */ = {
			isa = PBXSourcesBuildPhase;
			buildActionMask = 2147483647;
			files = (
				D0E729511A03202700B76672 /* LYRClientMockTests.m in Sources */,
				D0D778DF1A02EBDE000A5F51 /* LYRUIConversationDataSourceTests.m in Sources */,
			);
			runOnlyForDeploymentPostprocessing = 0;
		};
/* End PBXSourcesBuildPhase section */

/* Begin PBXTargetDependency section */
		D0D778DA1A02EB83000A5F51 /* PBXTargetDependency */ = {
			isa = PBXTargetDependency;
			target = D0D778921A02EAA9000A5F51 /* Conversation */;
			targetProxy = D0D778D91A02EB83000A5F51 /* PBXContainerItemProxy */;
		};
/* End PBXTargetDependency section */

/* Begin PBXVariantGroup section */
		D0D778BD1A02EAEE000A5F51 /* LaunchScreen.xib */ = {
			isa = PBXVariantGroup;
			children = (
				D0D778BE1A02EAEE000A5F51 /* Base */,
			);
			name = LaunchScreen.xib;
			sourceTree = "<group>";
		};
/* End PBXVariantGroup section */

/* Begin XCBuildConfiguration section */
		D0D7788D1A02E2B2000A5F51 /* Debug */ = {
			isa = XCBuildConfiguration;
			buildSettings = {
				ONLY_ACTIVE_ARCH = YES;
			};
			name = Debug;
		};
		D0D7788E1A02E2B2000A5F51 /* Release */ = {
			isa = XCBuildConfiguration;
			buildSettings = {
			};
			name = Release;
		};
		D0D778B41A02EAA9000A5F51 /* Debug */ = {
			isa = XCBuildConfiguration;
			baseConfigurationReference = 9337BCDD41DBBADF3D4BBD19 /* Pods-Conversation.debug.xcconfig */;
			buildSettings = {
				ALWAYS_SEARCH_USER_PATHS = NO;
				ASSETCATALOG_COMPILER_APPICON_NAME = AppIcon;
				CLANG_CXX_LANGUAGE_STANDARD = "gnu++0x";
				CLANG_CXX_LIBRARY = "libc++";
				CLANG_ENABLE_MODULES = YES;
				CLANG_ENABLE_OBJC_ARC = YES;
				CLANG_WARN_BOOL_CONVERSION = YES;
				CLANG_WARN_CONSTANT_CONVERSION = YES;
				CLANG_WARN_DIRECT_OBJC_ISA_USAGE = YES_ERROR;
				CLANG_WARN_EMPTY_BODY = YES;
				CLANG_WARN_ENUM_CONVERSION = YES;
				CLANG_WARN_INT_CONVERSION = YES;
				CLANG_WARN_OBJC_ROOT_CLASS = YES_ERROR;
				CLANG_WARN_UNREACHABLE_CODE = YES;
				CLANG_WARN__DUPLICATE_METHOD_MATCH = YES;
				"CODE_SIGN_IDENTITY[sdk=iphoneos*]" = "iPhone Developer";
				COPY_PHASE_STRIP = NO;
				ENABLE_NS_ASSERTIONS = "$(inherited)";
				ENABLE_STRICT_OBJC_MSGSEND = YES;
				GCC_C_LANGUAGE_STANDARD = gnu99;
				GCC_DYNAMIC_NO_PIC = NO;
				GCC_OPTIMIZATION_LEVEL = 0;
				GCC_PREPROCESSOR_DEFINITIONS = (
					"DEBUG=1",
					"$(inherited)",
				);
				GCC_SYMBOLS_PRIVATE_EXTERN = NO;
				GCC_WARN_64_TO_32_BIT_CONVERSION = YES;
				GCC_WARN_ABOUT_RETURN_TYPE = YES_ERROR;
				GCC_WARN_UNDECLARED_SELECTOR = YES;
				GCC_WARN_UNINITIALIZED_AUTOS = YES_AGGRESSIVE;
				GCC_WARN_UNUSED_FUNCTION = YES;
				GCC_WARN_UNUSED_VARIABLE = YES;
				INFOPLIST_FILE = "$(SRCROOT)/Sample Code/Conversation/Info.plist";
				IPHONEOS_DEPLOYMENT_TARGET = 8.1;
				LD_RUNPATH_SEARCH_PATHS = "$(inherited) @executable_path/Frameworks";
				MTL_ENABLE_DEBUG_INFO = YES;
				ONLY_ACTIVE_ARCH = YES;
				PRODUCT_NAME = "$(TARGET_NAME)";
				SDKROOT = iphoneos;
				TARGETED_DEVICE_FAMILY = "1,2";
			};
			name = Debug;
		};
		D0D778B51A02EAA9000A5F51 /* Release */ = {
			isa = XCBuildConfiguration;
			baseConfigurationReference = 5C9A8B1181386C002F1F0585 /* Pods-Conversation.release.xcconfig */;
			buildSettings = {
				ALWAYS_SEARCH_USER_PATHS = NO;
				ASSETCATALOG_COMPILER_APPICON_NAME = AppIcon;
				CLANG_CXX_LANGUAGE_STANDARD = "gnu++0x";
				CLANG_CXX_LIBRARY = "libc++";
				CLANG_ENABLE_MODULES = YES;
				CLANG_ENABLE_OBJC_ARC = YES;
				CLANG_WARN_BOOL_CONVERSION = YES;
				CLANG_WARN_CONSTANT_CONVERSION = YES;
				CLANG_WARN_DIRECT_OBJC_ISA_USAGE = YES_ERROR;
				CLANG_WARN_EMPTY_BODY = YES;
				CLANG_WARN_ENUM_CONVERSION = YES;
				CLANG_WARN_INT_CONVERSION = YES;
				CLANG_WARN_OBJC_ROOT_CLASS = YES_ERROR;
				CLANG_WARN_UNREACHABLE_CODE = YES;
				CLANG_WARN__DUPLICATE_METHOD_MATCH = YES;
				"CODE_SIGN_IDENTITY[sdk=iphoneos*]" = "iPhone Developer";
				COPY_PHASE_STRIP = YES;
				ENABLE_NS_ASSERTIONS = "$(inherited)";
				ENABLE_STRICT_OBJC_MSGSEND = YES;
				GCC_C_LANGUAGE_STANDARD = gnu99;
				GCC_WARN_64_TO_32_BIT_CONVERSION = YES;
				GCC_WARN_ABOUT_RETURN_TYPE = YES_ERROR;
				GCC_WARN_UNDECLARED_SELECTOR = YES;
				GCC_WARN_UNINITIALIZED_AUTOS = YES_AGGRESSIVE;
				GCC_WARN_UNUSED_FUNCTION = YES;
				GCC_WARN_UNUSED_VARIABLE = YES;
				INFOPLIST_FILE = "$(SRCROOT)/Sample Code/Conversation/Info.plist";
				IPHONEOS_DEPLOYMENT_TARGET = 8.1;
				LD_RUNPATH_SEARCH_PATHS = "$(inherited) @executable_path/Frameworks";
				MTL_ENABLE_DEBUG_INFO = NO;
				PRODUCT_NAME = "$(TARGET_NAME)";
				SDKROOT = iphoneos;
				TARGETED_DEVICE_FAMILY = "1,2";
				VALIDATE_PRODUCT = YES;
			};
			name = Release;
		};
		D0D778DC1A02EB83000A5F51 /* Debug */ = {
			isa = XCBuildConfiguration;
			baseConfigurationReference = 1F88B2BB7AACF5DFC943592C /* Pods-Unit Tests.debug.xcconfig */;
			buildSettings = {
				ALWAYS_SEARCH_USER_PATHS = NO;
				BUNDLE_LOADER = "$(TEST_HOST)";
				CLANG_CXX_LANGUAGE_STANDARD = "gnu++0x";
				CLANG_CXX_LIBRARY = "libc++";
				CLANG_ENABLE_MODULES = YES;
				CLANG_ENABLE_OBJC_ARC = YES;
				CLANG_WARN_BOOL_CONVERSION = YES;
				CLANG_WARN_CONSTANT_CONVERSION = YES;
				CLANG_WARN_DIRECT_OBJC_ISA_USAGE = YES_ERROR;
				CLANG_WARN_EMPTY_BODY = YES;
				CLANG_WARN_ENUM_CONVERSION = YES;
				CLANG_WARN_INT_CONVERSION = YES;
				CLANG_WARN_OBJC_ROOT_CLASS = YES_ERROR;
				CLANG_WARN_UNREACHABLE_CODE = YES;
				CLANG_WARN__DUPLICATE_METHOD_MATCH = YES;
				COPY_PHASE_STRIP = NO;
				ENABLE_NS_ASSERTIONS = "$(inherited)";
				ENABLE_STRICT_OBJC_MSGSEND = YES;
				FRAMEWORK_SEARCH_PATHS = (
					"$(SDKROOT)/Developer/Library/Frameworks",
					"$(inherited)",
				);
				GCC_C_LANGUAGE_STANDARD = gnu99;
				GCC_DYNAMIC_NO_PIC = NO;
				GCC_OPTIMIZATION_LEVEL = 0;
				GCC_PREPROCESSOR_DEFINITIONS = (
					"DEBUG=1",
					"$(inherited)",
				);
				GCC_SYMBOLS_PRIVATE_EXTERN = NO;
				GCC_WARN_64_TO_32_BIT_CONVERSION = YES;
				GCC_WARN_ABOUT_RETURN_TYPE = YES_ERROR;
				GCC_WARN_UNDECLARED_SELECTOR = YES;
				GCC_WARN_UNINITIALIZED_AUTOS = YES_AGGRESSIVE;
				GCC_WARN_UNUSED_FUNCTION = YES;
				GCC_WARN_UNUSED_VARIABLE = YES;
				INFOPLIST_FILE = Tests/Info.plist;
				IPHONEOS_DEPLOYMENT_TARGET = 8.1;
				LD_RUNPATH_SEARCH_PATHS = "$(inherited) @executable_path/Frameworks @loader_path/Frameworks";
				MTL_ENABLE_DEBUG_INFO = YES;
				ONLY_ACTIVE_ARCH = YES;
				PRODUCT_NAME = "$(TARGET_NAME)";
				SDKROOT = iphoneos;
				TEST_HOST = "$(BUILT_PRODUCTS_DIR)/Conversation.app/Conversation";
			};
			name = Debug;
		};
		D0D778DD1A02EB83000A5F51 /* Release */ = {
			isa = XCBuildConfiguration;
			baseConfigurationReference = 4A1A0BE9E193CC265341461A /* Pods-Unit Tests.release.xcconfig */;
			buildSettings = {
				ALWAYS_SEARCH_USER_PATHS = NO;
				BUNDLE_LOADER = "$(TEST_HOST)";
				CLANG_CXX_LANGUAGE_STANDARD = "gnu++0x";
				CLANG_CXX_LIBRARY = "libc++";
				CLANG_ENABLE_MODULES = YES;
				CLANG_ENABLE_OBJC_ARC = YES;
				CLANG_WARN_BOOL_CONVERSION = YES;
				CLANG_WARN_CONSTANT_CONVERSION = YES;
				CLANG_WARN_DIRECT_OBJC_ISA_USAGE = YES_ERROR;
				CLANG_WARN_EMPTY_BODY = YES;
				CLANG_WARN_ENUM_CONVERSION = YES;
				CLANG_WARN_INT_CONVERSION = YES;
				CLANG_WARN_OBJC_ROOT_CLASS = YES_ERROR;
				CLANG_WARN_UNREACHABLE_CODE = YES;
				CLANG_WARN__DUPLICATE_METHOD_MATCH = YES;
				COPY_PHASE_STRIP = YES;
				ENABLE_NS_ASSERTIONS = "$(inherited)";
				ENABLE_STRICT_OBJC_MSGSEND = YES;
				FRAMEWORK_SEARCH_PATHS = (
					"$(SDKROOT)/Developer/Library/Frameworks",
					"$(inherited)",
				);
				GCC_C_LANGUAGE_STANDARD = gnu99;
				GCC_WARN_64_TO_32_BIT_CONVERSION = YES;
				GCC_WARN_ABOUT_RETURN_TYPE = YES_ERROR;
				GCC_WARN_UNDECLARED_SELECTOR = YES;
				GCC_WARN_UNINITIALIZED_AUTOS = YES_AGGRESSIVE;
				GCC_WARN_UNUSED_FUNCTION = YES;
				GCC_WARN_UNUSED_VARIABLE = YES;
				INFOPLIST_FILE = Tests/Info.plist;
				IPHONEOS_DEPLOYMENT_TARGET = 8.1;
				LD_RUNPATH_SEARCH_PATHS = "$(inherited) @executable_path/Frameworks @loader_path/Frameworks";
				MTL_ENABLE_DEBUG_INFO = NO;
				PRODUCT_NAME = "$(TARGET_NAME)";
				SDKROOT = iphoneos;
				TEST_HOST = "$(BUILT_PRODUCTS_DIR)/Conversation.app/Conversation";
				VALIDATE_PRODUCT = YES;
			};
			name = Release;
		};
/* End XCBuildConfiguration section */

/* Begin XCConfigurationList section */
		D0D7788C1A02E2B2000A5F51 /* Build configuration list for PBXProject "LayerUIKit" */ = {
			isa = XCConfigurationList;
			buildConfigurations = (
				D0D7788D1A02E2B2000A5F51 /* Debug */,
				D0D7788E1A02E2B2000A5F51 /* Release */,
			);
			defaultConfigurationIsVisible = 0;
			defaultConfigurationName = Release;
		};
		D0D778B81A02EAA9000A5F51 /* Build configuration list for PBXNativeTarget "Conversation" */ = {
			isa = XCConfigurationList;
			buildConfigurations = (
				D0D778B41A02EAA9000A5F51 /* Debug */,
				D0D778B51A02EAA9000A5F51 /* Release */,
			);
			defaultConfigurationIsVisible = 0;
			defaultConfigurationName = Release;
		};
		D0D778DB1A02EB83000A5F51 /* Build configuration list for PBXNativeTarget "Unit Tests" */ = {
			isa = XCConfigurationList;
			buildConfigurations = (
				D0D778DC1A02EB83000A5F51 /* Debug */,
				D0D778DD1A02EB83000A5F51 /* Release */,
			);
			defaultConfigurationIsVisible = 0;
			defaultConfigurationName = Release;
		};
/* End XCConfigurationList section */
	};
	rootObject = D0D778891A02E2B2000A5F51 /* Project object */;
}
