// !$*UTF8*$!
{
	archiveVersion = 1;
	classes = {
	};
	objectVersion = 46;
	objects = {

/* Begin PBXBuildFile section */
		2B6445637A4A449ABC5750C4 /* libPods-StoryboardTests.a in Frameworks */ = {isa = PBXBuildFile; fileRef = DFFB13F66B57103A728CA624 /* libPods-StoryboardTests.a */; };
		377EEF73853F61FE5B5568A2 /* libPods-Storyboard.a in Frameworks */ = {isa = PBXBuildFile; fileRef = 12E6C660682C89FC093228B5 /* libPods-Storyboard.a */; };
		5AF32FD31AA59C39005C13D7 /* ATLUserMockTest.m in Sources */ = {isa = PBXBuildFile; fileRef = 5AF32FD21AA59C39005C13D7 /* ATLUserMockTest.m */; };
		CE7BDC080170509511B89900 /* libPods-UnitTests.a in Frameworks */ = {isa = PBXBuildFile; fileRef = F7012754989ED85BE6A8D69E /* libPods-UnitTests.a */; };
		D0294DE71A93F37A00702856 /* Info.plist in Resources */ = {isa = PBXBuildFile; fileRef = D0294DE61A93F37A00702856 /* Info.plist */; };
		D0294DE81A93F39300702856 /* ATLMediaStreamTests.m in Sources */ = {isa = PBXBuildFile; fileRef = D0294DE41A93F37000702856 /* ATLMediaStreamTests.m */; };
		D02CDCDB1A9FFC930013CBE8 /* ATLTestUtilities.m in Sources */ = {isa = PBXBuildFile; fileRef = D02CDCDA1A9FFC930013CBE8 /* ATLTestUtilities.m */; };
		D02CDCDC1A9FFC930013CBE8 /* ATLTestUtilities.m in Sources */ = {isa = PBXBuildFile; fileRef = D02CDCDA1A9FFC930013CBE8 /* ATLTestUtilities.m */; };
		D02CDCDD1A9FFC930013CBE8 /* ATLTestUtilities.m in Sources */ = {isa = PBXBuildFile; fileRef = D02CDCDA1A9FFC930013CBE8 /* ATLTestUtilities.m */; };
		D04517141A9F9A0C00E137D9 /* ATLMediaAttachmentTests.m in Sources */ = {isa = PBXBuildFile; fileRef = D04517131A9F9A0C00E137D9 /* ATLMediaAttachmentTests.m */; };
		D2575596FE7E9432B48A0D74 /* libPods-ProgrammaticTests.a in Frameworks */ = {isa = PBXBuildFile; fileRef = D82E912F9EB0D3AB8BD452A2 /* libPods-ProgrammaticTests.a */; };
		D63C68E11A94250000D235D5 /* test-logo.png in Resources */ = {isa = PBXBuildFile; fileRef = D63C68DF1A94250000D235D5 /* test-logo.png */; };
		D6A122B51A9D2CA2004F67BE /* ATLTestClasses.m in Sources */ = {isa = PBXBuildFile; fileRef = D6F4060A1A8FDEEB00AE9581 /* ATLTestClasses.m */; };
		D6A122B61A9D2CA2004F67BE /* ATLTestInterface.m in Sources */ = {isa = PBXBuildFile; fileRef = D6F4060C1A8FDEEB00AE9581 /* ATLTestInterface.m */; };
		D6A122B71A9D2CA2004F67BE /* LYRClientMockTests.m in Sources */ = {isa = PBXBuildFile; fileRef = D6F4060D1A8FDEEB00AE9581 /* LYRClientMockTests.m */; };
		D6A122B81A9D2CA2004F67BE /* ATLConversationTableViewCellTest.m in Sources */ = {isa = PBXBuildFile; fileRef = D6F406021A8FDEEB00AE9581 /* ATLConversationTableViewCellTest.m */; };
		D6A122B91A9D2CA2004F67BE /* ATLMessageCollectionViewCellTest.m in Sources */ = {isa = PBXBuildFile; fileRef = D6F406041A8FDEEB00AE9581 /* ATLMessageCollectionViewCellTest.m */; };
		D6A122BA1A9D2CA2004F67BE /* ATLParticipantTableViewCellTest.m in Sources */ = {isa = PBXBuildFile; fileRef = D6F406081A8FDEEB00AE9581 /* ATLParticipantTableViewCellTest.m */; };
		D6A122BB1A9D2CA2004F67BE /* ATLConversationListViewControllerTest.m in Sources */ = {isa = PBXBuildFile; fileRef = D6F406011A8FDEEB00AE9581 /* ATLConversationListViewControllerTest.m */; };
		D6A122BC1A9D2CA2004F67BE /* ATLConversationViewControllerTest.m in Sources */ = {isa = PBXBuildFile; fileRef = D6F406031A8FDEEB00AE9581 /* ATLConversationViewControllerTest.m */; };
		D6A122BD1A9D2CA2004F67BE /* ATLMessageInputBarTest.m in Sources */ = {isa = PBXBuildFile; fileRef = D6F406051A8FDEEB00AE9581 /* ATLMessageInputBarTest.m */; };
		D6A122BE1A9D2CA2004F67BE /* ATLParticipantTableViewControllerTest.m in Sources */ = {isa = PBXBuildFile; fileRef = D6F406071A8FDEEB00AE9581 /* ATLParticipantTableViewControllerTest.m */; };
		D6A122BF1A9D2CA2004F67BE /* ALTAddressBarControllerTest.m in Sources */ = {isa = PBXBuildFile; fileRef = D6C0454E1A9953C70028E9D0 /* ALTAddressBarControllerTest.m */; };
		D6C045451A9914090028E9D0 /* ProgrammaticAppDelegate.m in Sources */ = {isa = PBXBuildFile; fileRef = D6C045441A9914080028E9D0 /* ProgrammaticAppDelegate.m */; };
		D6C0454B1A9941CD0028E9D0 /* test-logo.png in Resources */ = {isa = PBXBuildFile; fileRef = D63C68DF1A94250000D235D5 /* test-logo.png */; };
		D6C0454F1A9953C70028E9D0 /* ALTAddressBarControllerTest.m in Sources */ = {isa = PBXBuildFile; fileRef = D6C0454E1A9953C70028E9D0 /* ALTAddressBarControllerTest.m */; };
		D6D48F851A9D140F00C8872E /* LYRClientMock.m in Sources */ = {isa = PBXBuildFile; fileRef = D6F405B71A8FDDE300AE9581 /* LYRClientMock.m */; };
		D6D48F861A9D140F00C8872E /* LYRConversationMock.m in Sources */ = {isa = PBXBuildFile; fileRef = D6F405B91A8FDDE300AE9581 /* LYRConversationMock.m */; };
		D6D48F871A9D140F00C8872E /* LYRMessageMock.m in Sources */ = {isa = PBXBuildFile; fileRef = D6F405BB1A8FDDE300AE9581 /* LYRMessageMock.m */; };
		D6D48F881A9D140F00C8872E /* LYRMessagePartMock.m in Sources */ = {isa = PBXBuildFile; fileRef = D6F405BD1A8FDDE300AE9581 /* LYRMessagePartMock.m */; };
		D6D48F891A9D140F00C8872E /* LYRMockContentStore.m in Sources */ = {isa = PBXBuildFile; fileRef = D6F405BF1A8FDDE300AE9581 /* LYRMockContentStore.m */; };
		D6D48F8A1A9D140F00C8872E /* LYRQueryControllerMock.m in Sources */ = {isa = PBXBuildFile; fileRef = D6F405C11A8FDDE300AE9581 /* LYRQueryControllerMock.m */; };
		D6D48F8B1A9D140F00C8872E /* ATLUserMock.m in Sources */ = {isa = PBXBuildFile; fileRef = D6F405C31A8FDDE300AE9581 /* ATLUserMock.m */; };
		D6D48F8C1A9D140F00C8872E /* ATLSampleConversationAvatarItem.m in Sources */ = {isa = PBXBuildFile; fileRef = D6F405A81A8FDDAA00AE9581 /* ATLSampleConversationAvatarItem.m */; };
		D6D48F8D1A9D140F00C8872E /* ATLSampleConversationListViewController.m in Sources */ = {isa = PBXBuildFile; fileRef = D6F405AA1A8FDDAA00AE9581 /* ATLSampleConversationListViewController.m */; };
		D6D48F8E1A9D140F00C8872E /* ATLSampleConversationViewController.m in Sources */ = {isa = PBXBuildFile; fileRef = D6F405AC1A8FDDAA00AE9581 /* ATLSampleConversationViewController.m */; };
		D6D48F8F1A9D140F00C8872E /* ATLSampleParticipantTableViewController.m in Sources */ = {isa = PBXBuildFile; fileRef = D6F405AE1A8FDDAA00AE9581 /* ATLSampleParticipantTableViewController.m */; };
		D6D48F901A9D159000C8872E /* main.m in Sources */ = {isa = PBXBuildFile; fileRef = D6F405D41A8FDE1B00AE9581 /* main.m */; };
		D6D48F921A9D165600C8872E /* Atlas.storyboard in Resources */ = {isa = PBXBuildFile; fileRef = D6F405CC1A8FDE1B00AE9581 /* Atlas.storyboard */; };
		D6F405AF1A8FDDAA00AE9581 /* ATLSampleConversationAvatarItem.m in Sources */ = {isa = PBXBuildFile; fileRef = D6F405A81A8FDDAA00AE9581 /* ATLSampleConversationAvatarItem.m */; };
		D6F405B01A8FDDAA00AE9581 /* ATLSampleConversationListViewController.m in Sources */ = {isa = PBXBuildFile; fileRef = D6F405AA1A8FDDAA00AE9581 /* ATLSampleConversationListViewController.m */; };
		D6F405B11A8FDDAA00AE9581 /* ATLSampleConversationViewController.m in Sources */ = {isa = PBXBuildFile; fileRef = D6F405AC1A8FDDAA00AE9581 /* ATLSampleConversationViewController.m */; };
		D6F405B21A8FDDAA00AE9581 /* ATLSampleParticipantTableViewController.m in Sources */ = {isa = PBXBuildFile; fileRef = D6F405AE1A8FDDAA00AE9581 /* ATLSampleParticipantTableViewController.m */; };
		D6F405C51A8FDDE300AE9581 /* LYRClientMock.m in Sources */ = {isa = PBXBuildFile; fileRef = D6F405B71A8FDDE300AE9581 /* LYRClientMock.m */; };
		D6F405C61A8FDDE300AE9581 /* LYRConversationMock.m in Sources */ = {isa = PBXBuildFile; fileRef = D6F405B91A8FDDE300AE9581 /* LYRConversationMock.m */; };
		D6F405C71A8FDDE300AE9581 /* LYRMessageMock.m in Sources */ = {isa = PBXBuildFile; fileRef = D6F405BB1A8FDDE300AE9581 /* LYRMessageMock.m */; };
		D6F405C81A8FDDE300AE9581 /* LYRMessagePartMock.m in Sources */ = {isa = PBXBuildFile; fileRef = D6F405BD1A8FDDE300AE9581 /* LYRMessagePartMock.m */; };
		D6F405C91A8FDDE300AE9581 /* LYRMockContentStore.m in Sources */ = {isa = PBXBuildFile; fileRef = D6F405BF1A8FDDE300AE9581 /* LYRMockContentStore.m */; };
		D6F405CA1A8FDDE300AE9581 /* LYRQueryControllerMock.m in Sources */ = {isa = PBXBuildFile; fileRef = D6F405C11A8FDDE300AE9581 /* LYRQueryControllerMock.m */; };
		D6F405CB1A8FDDE300AE9581 /* ATLUserMock.m in Sources */ = {isa = PBXBuildFile; fileRef = D6F405C31A8FDDE300AE9581 /* ATLUserMock.m */; };
		D6F405E71A8FDE3900AE9581 /* Images.xcassets in Resources */ = {isa = PBXBuildFile; fileRef = D6F405E21A8FDE3900AE9581 /* Images.xcassets */; };
		D6F405E91A8FDE3900AE9581 /* main.m in Sources */ = {isa = PBXBuildFile; fileRef = D6F405E41A8FDE3900AE9581 /* main.m */; };
		D6F406261A8FDF5900AE9581 /* StoryboardAppDelegate.m in Sources */ = {isa = PBXBuildFile; fileRef = D6F405D61A8FDE1B00AE9581 /* StoryboardAppDelegate.m */; };
		D6F4062C1A8FE28000AE9581 /* ATLConversationListViewControllerTest.m in Sources */ = {isa = PBXBuildFile; fileRef = D6F406011A8FDEEB00AE9581 /* ATLConversationListViewControllerTest.m */; };
		D6F4062D1A8FE28000AE9581 /* ATLConversationTableViewCellTest.m in Sources */ = {isa = PBXBuildFile; fileRef = D6F406021A8FDEEB00AE9581 /* ATLConversationTableViewCellTest.m */; };
		D6F4062E1A8FE28000AE9581 /* ATLConversationViewControllerTest.m in Sources */ = {isa = PBXBuildFile; fileRef = D6F406031A8FDEEB00AE9581 /* ATLConversationViewControllerTest.m */; };
		D6F4062F1A8FE28000AE9581 /* ATLMessageCollectionViewCellTest.m in Sources */ = {isa = PBXBuildFile; fileRef = D6F406041A8FDEEB00AE9581 /* ATLMessageCollectionViewCellTest.m */; };
		D6F406301A8FE28000AE9581 /* ATLMessageInputBarTest.m in Sources */ = {isa = PBXBuildFile; fileRef = D6F406051A8FDEEB00AE9581 /* ATLMessageInputBarTest.m */; };
		D6F406321A8FE28000AE9581 /* ATLParticipantTableViewControllerTest.m in Sources */ = {isa = PBXBuildFile; fileRef = D6F406071A8FDEEB00AE9581 /* ATLParticipantTableViewControllerTest.m */; };
		D6F406331A8FE28000AE9581 /* ATLParticipantTableViewCellTest.m in Sources */ = {isa = PBXBuildFile; fileRef = D6F406081A8FDEEB00AE9581 /* ATLParticipantTableViewCellTest.m */; };
		D6F406341A8FE28600AE9581 /* ATLTestClasses.m in Sources */ = {isa = PBXBuildFile; fileRef = D6F4060A1A8FDEEB00AE9581 /* ATLTestClasses.m */; };
		D6F406351A8FE28900AE9581 /* LYRClientMockTests.m in Sources */ = {isa = PBXBuildFile; fileRef = D6F4060D1A8FDEEB00AE9581 /* LYRClientMockTests.m */; };
		D6F406361A8FE28C00AE9581 /* ATLTestInterface.m in Sources */ = {isa = PBXBuildFile; fileRef = D6F4060C1A8FDEEB00AE9581 /* ATLTestInterface.m */; };
		FD12E6CBA7C30FC98A2A773C /* libPods-Programmatic.a in Frameworks */ = {isa = PBXBuildFile; fileRef = 05B8098B39EFDBF4DF6E2BC0 /* libPods-Programmatic.a */; };
/* End PBXBuildFile section */

/* Begin PBXContainerItemProxy section */
		D0294DDE1A93F33900702856 /* PBXContainerItemProxy */ = {
			isa = PBXContainerItemProxy;
			containerPortal = D0D778891A02E2B2000A5F51 /* Project object */;
			proxyType = 1;
			remoteGlobalIDString = D6F57E291A8BE4AF00B62BD9;
			remoteInfo = Programmatic;
		};
		D6F57E431A8BE4AF00B62BD9 /* PBXContainerItemProxy */ = {
			isa = PBXContainerItemProxy;
			containerPortal = D0D778891A02E2B2000A5F51 /* Project object */;
			proxyType = 1;
			remoteGlobalIDString = D6F57E291A8BE4AF00B62BD9;
			remoteInfo = Programmatic;
		};
		D6F57E6D1A8BE4B600B62BD9 /* PBXContainerItemProxy */ = {
			isa = PBXContainerItemProxy;
			containerPortal = D0D778891A02E2B2000A5F51 /* Project object */;
			proxyType = 1;
			remoteGlobalIDString = D6F57E531A8BE4B500B62BD9;
			remoteInfo = Storyboard;
		};
/* End PBXContainerItemProxy section */

/* Begin PBXFileReference section */
		036D01264618BE1AC6D4154A /* Pods-ProgrammaticTests.debug.xcconfig */ = {isa = PBXFileReference; includeInIndex = 1; lastKnownFileType = text.xcconfig; name = "Pods-ProgrammaticTests.debug.xcconfig"; path = "Pods/Target Support Files/Pods-ProgrammaticTests/Pods-ProgrammaticTests.debug.xcconfig"; sourceTree = "<group>"; };
		05B8098B39EFDBF4DF6E2BC0 /* libPods-Programmatic.a */ = {isa = PBXFileReference; explicitFileType = archive.ar; includeInIndex = 0; path = "libPods-Programmatic.a"; sourceTree = BUILT_PRODUCTS_DIR; };
		12E6C660682C89FC093228B5 /* libPods-Storyboard.a */ = {isa = PBXFileReference; explicitFileType = archive.ar; includeInIndex = 0; path = "libPods-Storyboard.a"; sourceTree = BUILT_PRODUCTS_DIR; };
		15E7B4DD8972A1B107DFF166 /* Pods-StoryboardTests.release.xcconfig */ = {isa = PBXFileReference; includeInIndex = 1; lastKnownFileType = text.xcconfig; name = "Pods-StoryboardTests.release.xcconfig"; path = "Pods/Target Support Files/Pods-StoryboardTests/Pods-StoryboardTests.release.xcconfig"; sourceTree = "<group>"; };
		1D0C5311DA4B7E9E91DCA6F4 /* libPods-LayerUIKit Storyboard.a */ = {isa = PBXFileReference; explicitFileType = archive.ar; includeInIndex = 0; path = "libPods-LayerUIKit Storyboard.a"; sourceTree = BUILT_PRODUCTS_DIR; };
		1E25E423862E254994407AA1 /* Pods-StoryboardTests.debug.xcconfig */ = {isa = PBXFileReference; includeInIndex = 1; lastKnownFileType = text.xcconfig; name = "Pods-StoryboardTests.debug.xcconfig"; path = "Pods/Target Support Files/Pods-StoryboardTests/Pods-StoryboardTests.debug.xcconfig"; sourceTree = "<group>"; };
		1F88B2BB7AACF5DFC943592C /* Pods-Unit Tests.debug.xcconfig */ = {isa = PBXFileReference; includeInIndex = 1; lastKnownFileType = text.xcconfig; name = "Pods-Unit Tests.debug.xcconfig"; path = "Pods/Target Support Files/Pods-Unit Tests/Pods-Unit Tests.debug.xcconfig"; sourceTree = "<group>"; };
		24D48AA25D796157557FF613 /* Pods-Storyboard.debug.xcconfig */ = {isa = PBXFileReference; includeInIndex = 1; lastKnownFileType = text.xcconfig; name = "Pods-Storyboard.debug.xcconfig"; path = "Pods/Target Support Files/Pods-Storyboard/Pods-Storyboard.debug.xcconfig"; sourceTree = "<group>"; };
		255E3F6B1A8D9C7F00E8F59E /* Code */ = {isa = PBXFileReference; lastKnownFileType = folder; path = Code; sourceTree = "<group>"; };
		33DB815F6BA62C0A16EB4D19 /* Pods-Storyboard.release.xcconfig */ = {isa = PBXFileReference; includeInIndex = 1; lastKnownFileType = text.xcconfig; name = "Pods-Storyboard.release.xcconfig"; path = "Pods/Target Support Files/Pods-Storyboard/Pods-Storyboard.release.xcconfig"; sourceTree = "<group>"; };
		358D1AE37F6A67F9CE5ADC47 /* libPods-Unit Tests.a */ = {isa = PBXFileReference; explicitFileType = archive.ar; includeInIndex = 0; path = "libPods-Unit Tests.a"; sourceTree = BUILT_PRODUCTS_DIR; };
		4A1A0BE9E193CC265341461A /* Pods-Unit Tests.release.xcconfig */ = {isa = PBXFileReference; includeInIndex = 1; lastKnownFileType = text.xcconfig; name = "Pods-Unit Tests.release.xcconfig"; path = "Pods/Target Support Files/Pods-Unit Tests/Pods-Unit Tests.release.xcconfig"; sourceTree = "<group>"; };
		5A30E6805E705AAD798FE808 /* Pods-Programmatic.release.xcconfig */ = {isa = PBXFileReference; includeInIndex = 1; lastKnownFileType = text.xcconfig; name = "Pods-Programmatic.release.xcconfig"; path = "Pods/Target Support Files/Pods-Programmatic/Pods-Programmatic.release.xcconfig"; sourceTree = "<group>"; };
		5AF32FD21AA59C39005C13D7 /* ATLUserMockTest.m */ = {isa = PBXFileReference; fileEncoding = 4; lastKnownFileType = sourcecode.c.objc; path = ATLUserMockTest.m; sourceTree = "<group>"; };
		5C9A8B1181386C002F1F0585 /* Pods-Conversation.release.xcconfig */ = {isa = PBXFileReference; includeInIndex = 1; lastKnownFileType = text.xcconfig; name = "Pods-Conversation.release.xcconfig"; path = "Pods/Target Support Files/Pods-Conversation/Pods-Conversation.release.xcconfig"; sourceTree = "<group>"; };
		6334472F1BD9D5C3E110141E /* Pods-UnitTests.debug.xcconfig */ = {isa = PBXFileReference; includeInIndex = 1; lastKnownFileType = text.xcconfig; name = "Pods-UnitTests.debug.xcconfig"; path = "Pods/Target Support Files/Pods-UnitTests/Pods-UnitTests.debug.xcconfig"; sourceTree = "<group>"; };
		866487157645D4273D55AEF8 /* Pods-ProgrammaticTests.release.xcconfig */ = {isa = PBXFileReference; includeInIndex = 1; lastKnownFileType = text.xcconfig; name = "Pods-ProgrammaticTests.release.xcconfig"; path = "Pods/Target Support Files/Pods-ProgrammaticTests/Pods-ProgrammaticTests.release.xcconfig"; sourceTree = "<group>"; };
		9337BCDD41DBBADF3D4BBD19 /* Pods-Conversation.debug.xcconfig */ = {isa = PBXFileReference; includeInIndex = 1; lastKnownFileType = text.xcconfig; name = "Pods-Conversation.debug.xcconfig"; path = "Pods/Target Support Files/Pods-Conversation/Pods-Conversation.debug.xcconfig"; sourceTree = "<group>"; };
		C16C4DB7F78BFA3144C11654 /* Pods-UnitTests.release.xcconfig */ = {isa = PBXFileReference; includeInIndex = 1; lastKnownFileType = text.xcconfig; name = "Pods-UnitTests.release.xcconfig"; path = "Pods/Target Support Files/Pods-UnitTests/Pods-UnitTests.release.xcconfig"; sourceTree = "<group>"; };
		D0294DD81A93F33900702856 /* UnitTests.xctest */ = {isa = PBXFileReference; explicitFileType = wrapper.cfbundle; includeInIndex = 0; path = UnitTests.xctest; sourceTree = BUILT_PRODUCTS_DIR; };
		D0294DE41A93F37000702856 /* ATLMediaStreamTests.m */ = {isa = PBXFileReference; fileEncoding = 4; lastKnownFileType = sourcecode.c.objc; name = ATLMediaStreamTests.m; path = Tests/ATLMediaStreamTests.m; sourceTree = "<group>"; };
		D0294DE61A93F37A00702856 /* Info.plist */ = {isa = PBXFileReference; fileEncoding = 4; lastKnownFileType = text.plist.xml; name = Info.plist; path = Tests/Info.plist; sourceTree = "<group>"; };
		D02CDCD91A9FFC930013CBE8 /* ATLTestUtilities.h */ = {isa = PBXFileReference; fileEncoding = 4; lastKnownFileType = sourcecode.c.h; path = ATLTestUtilities.h; sourceTree = "<group>"; };
		D02CDCDA1A9FFC930013CBE8 /* ATLTestUtilities.m */ = {isa = PBXFileReference; fileEncoding = 4; lastKnownFileType = sourcecode.c.objc; path = ATLTestUtilities.m; sourceTree = "<group>"; };
		D04517131A9F9A0C00E137D9 /* ATLMediaAttachmentTests.m */ = {isa = PBXFileReference; fileEncoding = 4; lastKnownFileType = sourcecode.c.objc; name = ATLMediaAttachmentTests.m; path = Tests/ATLMediaAttachmentTests.m; sourceTree = "<group>"; };
		D63C68DF1A94250000D235D5 /* test-logo.png */ = {isa = PBXFileReference; lastKnownFileType = image.png; path = "test-logo.png"; sourceTree = "<group>"; };
		D6C045431A9914080028E9D0 /* ProgrammaticAppDelegate.h */ = {isa = PBXFileReference; fileEncoding = 4; lastKnownFileType = sourcecode.c.h; name = ProgrammaticAppDelegate.h; path = Examples/Programmatic/ProgrammaticAppDelegate.h; sourceTree = SOURCE_ROOT; };
		D6C045441A9914080028E9D0 /* ProgrammaticAppDelegate.m */ = {isa = PBXFileReference; fileEncoding = 4; lastKnownFileType = sourcecode.c.objc; name = ProgrammaticAppDelegate.m; path = Examples/Programmatic/ProgrammaticAppDelegate.m; sourceTree = SOURCE_ROOT; };
		D6C0454E1A9953C70028E9D0 /* ALTAddressBarControllerTest.m */ = {isa = PBXFileReference; fileEncoding = 4; lastKnownFileType = sourcecode.c.objc; path = ALTAddressBarControllerTest.m; sourceTree = "<group>"; };
		D6F405A71A8FDDAA00AE9581 /* ATLSampleConversationAvatarItem.h */ = {isa = PBXFileReference; fileEncoding = 4; lastKnownFileType = sourcecode.c.h; name = ATLSampleConversationAvatarItem.h; path = Examples/ATLSampleConversationAvatarItem.h; sourceTree = SOURCE_ROOT; };
		D6F405A81A8FDDAA00AE9581 /* ATLSampleConversationAvatarItem.m */ = {isa = PBXFileReference; fileEncoding = 4; lastKnownFileType = sourcecode.c.objc; name = ATLSampleConversationAvatarItem.m; path = Examples/ATLSampleConversationAvatarItem.m; sourceTree = SOURCE_ROOT; };
		D6F405A91A8FDDAA00AE9581 /* ATLSampleConversationListViewController.h */ = {isa = PBXFileReference; fileEncoding = 4; lastKnownFileType = sourcecode.c.h; name = ATLSampleConversationListViewController.h; path = Examples/ATLSampleConversationListViewController.h; sourceTree = SOURCE_ROOT; };
		D6F405AA1A8FDDAA00AE9581 /* ATLSampleConversationListViewController.m */ = {isa = PBXFileReference; fileEncoding = 4; lastKnownFileType = sourcecode.c.objc; name = ATLSampleConversationListViewController.m; path = Examples/ATLSampleConversationListViewController.m; sourceTree = SOURCE_ROOT; };
		D6F405AB1A8FDDAA00AE9581 /* ATLSampleConversationViewController.h */ = {isa = PBXFileReference; fileEncoding = 4; lastKnownFileType = sourcecode.c.h; name = ATLSampleConversationViewController.h; path = Examples/ATLSampleConversationViewController.h; sourceTree = SOURCE_ROOT; };
		D6F405AC1A8FDDAA00AE9581 /* ATLSampleConversationViewController.m */ = {isa = PBXFileReference; fileEncoding = 4; lastKnownFileType = sourcecode.c.objc; name = ATLSampleConversationViewController.m; path = Examples/ATLSampleConversationViewController.m; sourceTree = SOURCE_ROOT; };
		D6F405AD1A8FDDAA00AE9581 /* ATLSampleParticipantTableViewController.h */ = {isa = PBXFileReference; fileEncoding = 4; lastKnownFileType = sourcecode.c.h; name = ATLSampleParticipantTableViewController.h; path = Examples/ATLSampleParticipantTableViewController.h; sourceTree = SOURCE_ROOT; };
		D6F405AE1A8FDDAA00AE9581 /* ATLSampleParticipantTableViewController.m */ = {isa = PBXFileReference; fileEncoding = 4; lastKnownFileType = sourcecode.c.objc; name = ATLSampleParticipantTableViewController.m; path = Examples/ATLSampleParticipantTableViewController.m; sourceTree = SOURCE_ROOT; };
		D6F405B31A8FDDE300AE9581 /* LayerKitMock.h */ = {isa = PBXFileReference; fileEncoding = 4; lastKnownFileType = sourcecode.c.h; name = LayerKitMock.h; path = Examples/Mocks/LayerKitMock.h; sourceTree = SOURCE_ROOT; };
		D6F405B61A8FDDE300AE9581 /* LYRClientMock.h */ = {isa = PBXFileReference; fileEncoding = 4; lastKnownFileType = sourcecode.c.h; name = LYRClientMock.h; path = Examples/Mocks/LYRClientMock.h; sourceTree = SOURCE_ROOT; };
		D6F405B71A8FDDE300AE9581 /* LYRClientMock.m */ = {isa = PBXFileReference; fileEncoding = 4; lastKnownFileType = sourcecode.c.objc; name = LYRClientMock.m; path = Examples/Mocks/LYRClientMock.m; sourceTree = SOURCE_ROOT; };
		D6F405B81A8FDDE300AE9581 /* LYRConversationMock.h */ = {isa = PBXFileReference; fileEncoding = 4; lastKnownFileType = sourcecode.c.h; name = LYRConversationMock.h; path = Examples/Mocks/LYRConversationMock.h; sourceTree = SOURCE_ROOT; };
		D6F405B91A8FDDE300AE9581 /* LYRConversationMock.m */ = {isa = PBXFileReference; fileEncoding = 4; lastKnownFileType = sourcecode.c.objc; name = LYRConversationMock.m; path = Examples/Mocks/LYRConversationMock.m; sourceTree = SOURCE_ROOT; };
		D6F405BA1A8FDDE300AE9581 /* LYRMessageMock.h */ = {isa = PBXFileReference; fileEncoding = 4; lastKnownFileType = sourcecode.c.h; name = LYRMessageMock.h; path = Examples/Mocks/LYRMessageMock.h; sourceTree = SOURCE_ROOT; };
		D6F405BB1A8FDDE300AE9581 /* LYRMessageMock.m */ = {isa = PBXFileReference; fileEncoding = 4; lastKnownFileType = sourcecode.c.objc; name = LYRMessageMock.m; path = Examples/Mocks/LYRMessageMock.m; sourceTree = SOURCE_ROOT; };
		D6F405BC1A8FDDE300AE9581 /* LYRMessagePartMock.h */ = {isa = PBXFileReference; fileEncoding = 4; lastKnownFileType = sourcecode.c.h; name = LYRMessagePartMock.h; path = Examples/Mocks/LYRMessagePartMock.h; sourceTree = SOURCE_ROOT; };
		D6F405BD1A8FDDE300AE9581 /* LYRMessagePartMock.m */ = {isa = PBXFileReference; fileEncoding = 4; lastKnownFileType = sourcecode.c.objc; name = LYRMessagePartMock.m; path = Examples/Mocks/LYRMessagePartMock.m; sourceTree = SOURCE_ROOT; };
		D6F405BE1A8FDDE300AE9581 /* LYRMockContentStore.h */ = {isa = PBXFileReference; fileEncoding = 4; lastKnownFileType = sourcecode.c.h; name = LYRMockContentStore.h; path = Examples/Mocks/LYRMockContentStore.h; sourceTree = SOURCE_ROOT; };
		D6F405BF1A8FDDE300AE9581 /* LYRMockContentStore.m */ = {isa = PBXFileReference; fileEncoding = 4; lastKnownFileType = sourcecode.c.objc; name = LYRMockContentStore.m; path = Examples/Mocks/LYRMockContentStore.m; sourceTree = SOURCE_ROOT; };
		D6F405C01A8FDDE300AE9581 /* LYRQueryControllerMock.h */ = {isa = PBXFileReference; fileEncoding = 4; lastKnownFileType = sourcecode.c.h; name = LYRQueryControllerMock.h; path = Examples/Mocks/LYRQueryControllerMock.h; sourceTree = SOURCE_ROOT; };
		D6F405C11A8FDDE300AE9581 /* LYRQueryControllerMock.m */ = {isa = PBXFileReference; fileEncoding = 4; lastKnownFileType = sourcecode.c.objc; name = LYRQueryControllerMock.m; path = Examples/Mocks/LYRQueryControllerMock.m; sourceTree = SOURCE_ROOT; };
		D6F405C21A8FDDE300AE9581 /* ATLUserMock.h */ = {isa = PBXFileReference; fileEncoding = 4; lastKnownFileType = sourcecode.c.h; name = ATLUserMock.h; path = Examples/Mocks/ATLUserMock.h; sourceTree = SOURCE_ROOT; };
		D6F405C31A8FDDE300AE9581 /* ATLUserMock.m */ = {isa = PBXFileReference; fileEncoding = 4; lastKnownFileType = sourcecode.c.objc; name = ATLUserMock.m; path = Examples/Mocks/ATLUserMock.m; sourceTree = SOURCE_ROOT; };
		D6F405CC1A8FDE1B00AE9581 /* Atlas.storyboard */ = {isa = PBXFileReference; fileEncoding = 4; lastKnownFileType = file.storyboard; name = Atlas.storyboard; path = Examples/Storyboard/Atlas.storyboard; sourceTree = SOURCE_ROOT; };
		D6F405D11A8FDE1B00AE9581 /* Base */ = {isa = PBXFileReference; lastKnownFileType = file.xib; name = Base; path = LaunchScreen.xib; sourceTree = "<group>"; };
		D6F405D21A8FDE1B00AE9581 /* Images.xcassets */ = {isa = PBXFileReference; lastKnownFileType = folder.assetcatalog; name = Images.xcassets; path = Examples/Storyboard/Images.xcassets; sourceTree = SOURCE_ROOT; };
		D6F405D31A8FDE1B00AE9581 /* Info.plist */ = {isa = PBXFileReference; fileEncoding = 4; lastKnownFileType = text.plist.xml; name = Info.plist; path = Examples/Storyboard/Info.plist; sourceTree = SOURCE_ROOT; };
		D6F405D41A8FDE1B00AE9581 /* main.m */ = {isa = PBXFileReference; fileEncoding = 4; lastKnownFileType = sourcecode.c.objc; name = main.m; path = Examples/Storyboard/main.m; sourceTree = SOURCE_ROOT; };
		D6F405D51A8FDE1B00AE9581 /* StoryboardAppDelegate.h */ = {isa = PBXFileReference; fileEncoding = 4; lastKnownFileType = sourcecode.c.h; name = StoryboardAppDelegate.h; path = Examples/Storyboard/StoryboardAppDelegate.h; sourceTree = SOURCE_ROOT; };
		D6F405D61A8FDE1B00AE9581 /* StoryboardAppDelegate.m */ = {isa = PBXFileReference; fileEncoding = 4; lastKnownFileType = sourcecode.c.objc; name = StoryboardAppDelegate.m; path = Examples/Storyboard/StoryboardAppDelegate.m; sourceTree = SOURCE_ROOT; };
		D6F405E11A8FDE3900AE9581 /* Base */ = {isa = PBXFileReference; lastKnownFileType = file.xib; name = Base; path = LaunchScreen.xib; sourceTree = "<group>"; };
		D6F405E21A8FDE3900AE9581 /* Images.xcassets */ = {isa = PBXFileReference; lastKnownFileType = folder.assetcatalog; name = Images.xcassets; path = Examples/Programmatic/Images.xcassets; sourceTree = SOURCE_ROOT; };
		D6F405E31A8FDE3900AE9581 /* Info.plist */ = {isa = PBXFileReference; fileEncoding = 4; lastKnownFileType = text.plist.xml; name = Info.plist; path = Examples/Programmatic/Info.plist; sourceTree = SOURCE_ROOT; };
		D6F405E41A8FDE3900AE9581 /* main.m */ = {isa = PBXFileReference; fileEncoding = 4; lastKnownFileType = sourcecode.c.objc; name = main.m; path = Examples/Programmatic/main.m; sourceTree = SOURCE_ROOT; };
		D6F406011A8FDEEB00AE9581 /* ATLConversationListViewControllerTest.m */ = {isa = PBXFileReference; fileEncoding = 4; lastKnownFileType = sourcecode.c.objc; path = ATLConversationListViewControllerTest.m; sourceTree = "<group>"; };
		D6F406021A8FDEEB00AE9581 /* ATLConversationTableViewCellTest.m */ = {isa = PBXFileReference; fileEncoding = 4; lastKnownFileType = sourcecode.c.objc; path = ATLConversationTableViewCellTest.m; sourceTree = "<group>"; };
		D6F406031A8FDEEB00AE9581 /* ATLConversationViewControllerTest.m */ = {isa = PBXFileReference; fileEncoding = 4; lastKnownFileType = sourcecode.c.objc; path = ATLConversationViewControllerTest.m; sourceTree = "<group>"; };
		D6F406041A8FDEEB00AE9581 /* ATLMessageCollectionViewCellTest.m */ = {isa = PBXFileReference; fileEncoding = 4; lastKnownFileType = sourcecode.c.objc; path = ATLMessageCollectionViewCellTest.m; sourceTree = "<group>"; };
		D6F406051A8FDEEB00AE9581 /* ATLMessageInputBarTest.m */ = {isa = PBXFileReference; fileEncoding = 4; lastKnownFileType = sourcecode.c.objc; path = ATLMessageInputBarTest.m; sourceTree = "<group>"; };
		D6F406071A8FDEEB00AE9581 /* ATLParticipantTableViewControllerTest.m */ = {isa = PBXFileReference; fileEncoding = 4; lastKnownFileType = sourcecode.c.objc; path = ATLParticipantTableViewControllerTest.m; sourceTree = "<group>"; };
		D6F406081A8FDEEB00AE9581 /* ATLParticipantTableViewCellTest.m */ = {isa = PBXFileReference; fileEncoding = 4; lastKnownFileType = sourcecode.c.objc; path = ATLParticipantTableViewCellTest.m; sourceTree = "<group>"; };
		D6F406091A8FDEEB00AE9581 /* ATLTestClasses.h */ = {isa = PBXFileReference; fileEncoding = 4; lastKnownFileType = sourcecode.c.h; path = ATLTestClasses.h; sourceTree = "<group>"; };
		D6F4060A1A8FDEEB00AE9581 /* ATLTestClasses.m */ = {isa = PBXFileReference; fileEncoding = 4; lastKnownFileType = sourcecode.c.objc; path = ATLTestClasses.m; sourceTree = "<group>"; };
		D6F4060B1A8FDEEB00AE9581 /* ATLTestInterface.h */ = {isa = PBXFileReference; fileEncoding = 4; lastKnownFileType = sourcecode.c.h; path = ATLTestInterface.h; sourceTree = "<group>"; };
		D6F4060C1A8FDEEB00AE9581 /* ATLTestInterface.m */ = {isa = PBXFileReference; fileEncoding = 4; lastKnownFileType = sourcecode.c.objc; path = ATLTestInterface.m; sourceTree = "<group>"; };
		D6F4060D1A8FDEEB00AE9581 /* LYRClientMockTests.m */ = {isa = PBXFileReference; fileEncoding = 4; lastKnownFileType = sourcecode.c.objc; path = LYRClientMockTests.m; sourceTree = "<group>"; };
		D6F4060F1A8FDEEB00AE9581 /* ProgrammaticTests-Info.plist */ = {isa = PBXFileReference; fileEncoding = 4; lastKnownFileType = text.plist.xml; path = "ProgrammaticTests-Info.plist"; sourceTree = "<group>"; };
		D6F406101A8FDEEB00AE9581 /* StoryboardTests-Info.plist */ = {isa = PBXFileReference; fileEncoding = 4; lastKnownFileType = text.plist.xml; path = "StoryboardTests-Info.plist"; sourceTree = "<group>"; };
		D6F406121A8FDEEB00AE9581 /* Unit Tests.xcscheme */ = {isa = PBXFileReference; fileEncoding = 4; lastKnownFileType = text.xml; path = "Unit Tests.xcscheme"; sourceTree = "<group>"; };
		D6F57E2A1A8BE4AF00B62BD9 /* Programmatic.app */ = {isa = PBXFileReference; explicitFileType = wrapper.application; includeInIndex = 0; path = Programmatic.app; sourceTree = BUILT_PRODUCTS_DIR; };
		D6F57E421A8BE4AF00B62BD9 /* ProgrammaticTests.xctest */ = {isa = PBXFileReference; explicitFileType = wrapper.cfbundle; includeInIndex = 0; path = ProgrammaticTests.xctest; sourceTree = BUILT_PRODUCTS_DIR; };
		D6F57E541A8BE4B500B62BD9 /* Storyboard.app */ = {isa = PBXFileReference; explicitFileType = wrapper.application; includeInIndex = 0; path = Storyboard.app; sourceTree = BUILT_PRODUCTS_DIR; };
		D6F57E6C1A8BE4B500B62BD9 /* StoryboardTests.xctest */ = {isa = PBXFileReference; explicitFileType = wrapper.cfbundle; includeInIndex = 0; path = StoryboardTests.xctest; sourceTree = BUILT_PRODUCTS_DIR; };
		D82E912F9EB0D3AB8BD452A2 /* libPods-ProgrammaticTests.a */ = {isa = PBXFileReference; explicitFileType = archive.ar; includeInIndex = 0; path = "libPods-ProgrammaticTests.a"; sourceTree = BUILT_PRODUCTS_DIR; };
		D96B401B3E790BAEA92C2D1F /* Pods-Programmatic.debug.xcconfig */ = {isa = PBXFileReference; includeInIndex = 1; lastKnownFileType = text.xcconfig; name = "Pods-Programmatic.debug.xcconfig"; path = "Pods/Target Support Files/Pods-Programmatic/Pods-Programmatic.debug.xcconfig"; sourceTree = "<group>"; };
		D9A79E80B908428B22486437 /* libPods-Conversation.a */ = {isa = PBXFileReference; explicitFileType = archive.ar; includeInIndex = 0; path = "libPods-Conversation.a"; sourceTree = BUILT_PRODUCTS_DIR; };
		DFFB13F66B57103A728CA624 /* libPods-StoryboardTests.a */ = {isa = PBXFileReference; explicitFileType = archive.ar; includeInIndex = 0; path = "libPods-StoryboardTests.a"; sourceTree = BUILT_PRODUCTS_DIR; };
		F7012754989ED85BE6A8D69E /* libPods-UnitTests.a */ = {isa = PBXFileReference; explicitFileType = archive.ar; includeInIndex = 0; path = "libPods-UnitTests.a"; sourceTree = BUILT_PRODUCTS_DIR; };
/* End PBXFileReference section */

/* Begin PBXFrameworksBuildPhase section */
		D0294DD51A93F33900702856 /* Frameworks */ = {
			isa = PBXFrameworksBuildPhase;
			buildActionMask = 2147483647;
			files = (
				CE7BDC080170509511B89900 /* libPods-UnitTests.a in Frameworks */,
			);
			runOnlyForDeploymentPostprocessing = 0;
		};
		D6F57E271A8BE4AF00B62BD9 /* Frameworks */ = {
			isa = PBXFrameworksBuildPhase;
			buildActionMask = 2147483647;
			files = (
				FD12E6CBA7C30FC98A2A773C /* libPods-Programmatic.a in Frameworks */,
			);
			runOnlyForDeploymentPostprocessing = 0;
		};
		D6F57E3F1A8BE4AF00B62BD9 /* Frameworks */ = {
			isa = PBXFrameworksBuildPhase;
			buildActionMask = 2147483647;
			files = (
				D2575596FE7E9432B48A0D74 /* libPods-ProgrammaticTests.a in Frameworks */,
			);
			runOnlyForDeploymentPostprocessing = 0;
		};
		D6F57E511A8BE4B500B62BD9 /* Frameworks */ = {
			isa = PBXFrameworksBuildPhase;
			buildActionMask = 2147483647;
			files = (
				377EEF73853F61FE5B5568A2 /* libPods-Storyboard.a in Frameworks */,
			);
			runOnlyForDeploymentPostprocessing = 0;
		};
		D6F57E691A8BE4B500B62BD9 /* Frameworks */ = {
			isa = PBXFrameworksBuildPhase;
			buildActionMask = 2147483647;
			files = (
				2B6445637A4A449ABC5750C4 /* libPods-StoryboardTests.a in Frameworks */,
			);
			runOnlyForDeploymentPostprocessing = 0;
		};
/* End PBXFrameworksBuildPhase section */

/* Begin PBXGroup section */
		412524007C3A7505AC34F33C /* Frameworks */ = {
			isa = PBXGroup;
			children = (
				D9A79E80B908428B22486437 /* libPods-Conversation.a */,
				358D1AE37F6A67F9CE5ADC47 /* libPods-Unit Tests.a */,
				1D0C5311DA4B7E9E91DCA6F4 /* libPods-LayerUIKit Storyboard.a */,
				12E6C660682C89FC093228B5 /* libPods-Storyboard.a */,
				05B8098B39EFDBF4DF6E2BC0 /* libPods-Programmatic.a */,
				D82E912F9EB0D3AB8BD452A2 /* libPods-ProgrammaticTests.a */,
				DFFB13F66B57103A728CA624 /* libPods-StoryboardTests.a */,
				F7012754989ED85BE6A8D69E /* libPods-UnitTests.a */,
			);
			name = Frameworks;
			sourceTree = "<group>";
		};
		62DAD57DC0987BFBA6E8516D /* Pods */ = {
			isa = PBXGroup;
			children = (
				9337BCDD41DBBADF3D4BBD19 /* Pods-Conversation.debug.xcconfig */,
				5C9A8B1181386C002F1F0585 /* Pods-Conversation.release.xcconfig */,
				1F88B2BB7AACF5DFC943592C /* Pods-Unit Tests.debug.xcconfig */,
				4A1A0BE9E193CC265341461A /* Pods-Unit Tests.release.xcconfig */,
				24D48AA25D796157557FF613 /* Pods-Storyboard.debug.xcconfig */,
				33DB815F6BA62C0A16EB4D19 /* Pods-Storyboard.release.xcconfig */,
				D96B401B3E790BAEA92C2D1F /* Pods-Programmatic.debug.xcconfig */,
				5A30E6805E705AAD798FE808 /* Pods-Programmatic.release.xcconfig */,
				036D01264618BE1AC6D4154A /* Pods-ProgrammaticTests.debug.xcconfig */,
				866487157645D4273D55AEF8 /* Pods-ProgrammaticTests.release.xcconfig */,
				1E25E423862E254994407AA1 /* Pods-StoryboardTests.debug.xcconfig */,
				15E7B4DD8972A1B107DFF166 /* Pods-StoryboardTests.release.xcconfig */,
				6334472F1BD9D5C3E110141E /* Pods-UnitTests.debug.xcconfig */,
				C16C4DB7F78BFA3144C11654 /* Pods-UnitTests.release.xcconfig */,
			);
			name = Pods;
			sourceTree = "<group>";
		};
		D0294DE31A93F36100702856 /* Unit Tests */ = {
			isa = PBXGroup;
			children = (
				D0294DE41A93F37000702856 /* ATLMediaStreamTests.m */,
				D04517131A9F9A0C00E137D9 /* ATLMediaAttachmentTests.m */,
				D0294DE61A93F37A00702856 /* Info.plist */,
			);
			name = "Unit Tests";
			sourceTree = "<group>";
		};
		D0D778881A02E2B2000A5F51 = {
			isa = PBXGroup;
			children = (
				255E3F6B1A8D9C7F00E8F59E /* Code */,
				D676CF171A8C4344002D9D27 /* Examples */,
				412524007C3A7505AC34F33C /* Frameworks */,
				62DAD57DC0987BFBA6E8516D /* Pods */,
				D0D778941A02EAA9000A5F51 /* Products */,
				D6F406001A8FDEEB00AE9581 /* Tests */,
				D0294DE31A93F36100702856 /* Unit Tests */,
			);
			sourceTree = "<group>";
		};
		D0D778941A02EAA9000A5F51 /* Products */ = {
			isa = PBXGroup;
			children = (
				D6F57E2A1A8BE4AF00B62BD9 /* Programmatic.app */,
				D6F57E421A8BE4AF00B62BD9 /* ProgrammaticTests.xctest */,
				D6F57E541A8BE4B500B62BD9 /* Storyboard.app */,
				D6F57E6C1A8BE4B500B62BD9 /* StoryboardTests.xctest */,
				D0294DD81A93F33900702856 /* UnitTests.xctest */,
			);
			name = Products;
			sourceTree = "<group>";
		};
		D0E729491A02F1C700B76672 /* Mocks */ = {
			isa = PBXGroup;
			children = (
				D6F405B31A8FDDE300AE9581 /* LayerKitMock.h */,
				D6F405B61A8FDDE300AE9581 /* LYRClientMock.h */,
				D6F405B71A8FDDE300AE9581 /* LYRClientMock.m */,
				D6F405B81A8FDDE300AE9581 /* LYRConversationMock.h */,
				D6F405B91A8FDDE300AE9581 /* LYRConversationMock.m */,
				D6F405BA1A8FDDE300AE9581 /* LYRMessageMock.h */,
				D6F405BB1A8FDDE300AE9581 /* LYRMessageMock.m */,
				D6F405BC1A8FDDE300AE9581 /* LYRMessagePartMock.h */,
				D6F405BD1A8FDDE300AE9581 /* LYRMessagePartMock.m */,
				D6F405BE1A8FDDE300AE9581 /* LYRMockContentStore.h */,
				D6F405BF1A8FDDE300AE9581 /* LYRMockContentStore.m */,
				D6F405C01A8FDDE300AE9581 /* LYRQueryControllerMock.h */,
				D6F405C11A8FDDE300AE9581 /* LYRQueryControllerMock.m */,
				D6F405C21A8FDDE300AE9581 /* ATLUserMock.h */,
				D6F405C31A8FDDE300AE9581 /* ATLUserMock.m */,
			);
			name = Mocks;
			path = "Sample Code/Shared";
			sourceTree = "<group>";
		};
		D676CF171A8C4344002D9D27 /* Examples */ = {
			isa = PBXGroup;
			children = (
				D0E729491A02F1C700B76672 /* Mocks */,
				D6F405A71A8FDDAA00AE9581 /* ATLSampleConversationAvatarItem.h */,
				D6F405A81A8FDDAA00AE9581 /* ATLSampleConversationAvatarItem.m */,
				D6F405A91A8FDDAA00AE9581 /* ATLSampleConversationListViewController.h */,
				D6F405AA1A8FDDAA00AE9581 /* ATLSampleConversationListViewController.m */,
				D6F405AB1A8FDDAA00AE9581 /* ATLSampleConversationViewController.h */,
				D6F405AC1A8FDDAA00AE9581 /* ATLSampleConversationViewController.m */,
				D6F405AD1A8FDDAA00AE9581 /* ATLSampleParticipantTableViewController.h */,
				D6F405AE1A8FDDAA00AE9581 /* ATLSampleParticipantTableViewController.m */,
				D6F57E2B1A8BE4AF00B62BD9 /* Programmatic */,
				D6F57E551A8BE4B500B62BD9 /* Storyboard */,
			);
			name = Examples;
			sourceTree = "<group>";
		};
		D6C0454C1A994B330028E9D0 /* Controllers */ = {
			isa = PBXGroup;
			children = (
				D6F406011A8FDEEB00AE9581 /* ATLConversationListViewControllerTest.m */,
				D6F406031A8FDEEB00AE9581 /* ATLConversationViewControllerTest.m */,
				D6F406051A8FDEEB00AE9581 /* ATLMessageInputBarTest.m */,
				D6F406071A8FDEEB00AE9581 /* ATLParticipantTableViewControllerTest.m */,
				D6C0454E1A9953C70028E9D0 /* ALTAddressBarControllerTest.m */,
			);
			name = Controllers;
			sourceTree = "<group>";
		};
		D6C0454D1A994B3A0028E9D0 /* Views */ = {
			isa = PBXGroup;
			children = (
				D6F406021A8FDEEB00AE9581 /* ATLConversationTableViewCellTest.m */,
				D6F406041A8FDEEB00AE9581 /* ATLMessageCollectionViewCellTest.m */,
				D6F406081A8FDEEB00AE9581 /* ATLParticipantTableViewCellTest.m */,
			);
			name = Views;
			sourceTree = "<group>";
		};
		D6C045501A9966FD0028E9D0 /* Mocks */ = {
			isa = PBXGroup;
			children = (
				D6F4060D1A8FDEEB00AE9581 /* LYRClientMockTests.m */,
				5AF32FD21AA59C39005C13D7 /* ATLUserMockTest.m */,
			);
			name = Mocks;
			sourceTree = "<group>";
		};
		D6C045511A9967070028E9D0 /* Utilities */ = {
			isa = PBXGroup;
			children = (
				D6F406091A8FDEEB00AE9581 /* ATLTestClasses.h */,
				D6F4060A1A8FDEEB00AE9581 /* ATLTestClasses.m */,
				D6F4060B1A8FDEEB00AE9581 /* ATLTestInterface.h */,
				D6F4060C1A8FDEEB00AE9581 /* ATLTestInterface.m */,
				D02CDCD91A9FFC930013CBE8 /* ATLTestUtilities.h */,
				D02CDCDA1A9FFC930013CBE8 /* ATLTestUtilities.m */,
			);
			name = Utilities;
			sourceTree = "<group>";
		};
		D6F405CF1A8FDE1B00AE9581 /* Base.lproj */ = {
			isa = PBXGroup;
			children = (
				D6F405D01A8FDE1B00AE9581 /* LaunchScreen.xib */,
			);
			name = Base.lproj;
			path = Examples/Storyboard/Base.lproj;
			sourceTree = SOURCE_ROOT;
		};
		D6F405DF1A8FDE3900AE9581 /* Base.lproj */ = {
			isa = PBXGroup;
			children = (
				D6F405E01A8FDE3900AE9581 /* LaunchScreen.xib */,
			);
			name = Base.lproj;
			path = Examples/Programmatic/Base.lproj;
			sourceTree = SOURCE_ROOT;
		};
		D6F406001A8FDEEB00AE9581 /* Tests */ = {
			isa = PBXGroup;
			children = (
				D6C045511A9967070028E9D0 /* Utilities */,
				D6C045501A9966FD0028E9D0 /* Mocks */,
				D6C0454D1A994B3A0028E9D0 /* Views */,
				D6C0454C1A994B330028E9D0 /* Controllers */,
				D6F4060E1A8FDEEB00AE9581 /* Resources */,
				D6F406111A8FDEEB00AE9581 /* Schemes */,
			);
			path = Tests;
			sourceTree = "<group>";
		};
		D6F4060E1A8FDEEB00AE9581 /* Resources */ = {
			isa = PBXGroup;
			children = (
				D63C68DF1A94250000D235D5 /* test-logo.png */,
				D6F4060F1A8FDEEB00AE9581 /* ProgrammaticTests-Info.plist */,
				D6F406101A8FDEEB00AE9581 /* StoryboardTests-Info.plist */,
			);
			path = Resources;
			sourceTree = "<group>";
		};
		D6F406111A8FDEEB00AE9581 /* Schemes */ = {
			isa = PBXGroup;
			children = (
				D6F406121A8FDEEB00AE9581 /* Unit Tests.xcscheme */,
			);
			path = Schemes;
			sourceTree = "<group>";
		};
		D6F57E2B1A8BE4AF00B62BD9 /* Programmatic */ = {
			isa = PBXGroup;
			children = (
				D6C045431A9914080028E9D0 /* ProgrammaticAppDelegate.h */,
				D6C045441A9914080028E9D0 /* ProgrammaticAppDelegate.m */,
				D6F405DF1A8FDE3900AE9581 /* Base.lproj */,
				D6F405E21A8FDE3900AE9581 /* Images.xcassets */,
				D6F405E31A8FDE3900AE9581 /* Info.plist */,
				D6F405E41A8FDE3900AE9581 /* main.m */,
			);
			path = Programmatic;
			sourceTree = "<group>";
		};
		D6F57E551A8BE4B500B62BD9 /* Storyboard */ = {
			isa = PBXGroup;
			children = (
				D6F405CC1A8FDE1B00AE9581 /* Atlas.storyboard */,
				D6F405CF1A8FDE1B00AE9581 /* Base.lproj */,
				D6F405D21A8FDE1B00AE9581 /* Images.xcassets */,
				D6F405D31A8FDE1B00AE9581 /* Info.plist */,
				D6F405D41A8FDE1B00AE9581 /* main.m */,
				D6F405D51A8FDE1B00AE9581 /* StoryboardAppDelegate.h */,
				D6F405D61A8FDE1B00AE9581 /* StoryboardAppDelegate.m */,
			);
			path = Storyboard;
			sourceTree = "<group>";
		};
/* End PBXGroup section */

/* Begin PBXNativeTarget section */
		D0294DD71A93F33900702856 /* UnitTests */ = {
			isa = PBXNativeTarget;
			buildConfigurationList = D0294DE21A93F33900702856 /* Build configuration list for PBXNativeTarget "UnitTests" */;
			buildPhases = (
				5709F55296E532EA01587B33 /* Check Pods Manifest.lock */,
				D0294DD41A93F33900702856 /* Sources */,
				D0294DD51A93F33900702856 /* Frameworks */,
				D0294DD61A93F33900702856 /* Resources */,
				88FEFE0196AD927F8CA10C33 /* Copy Pods Resources */,
			);
			buildRules = (
			);
			dependencies = (
				D0294DDF1A93F33900702856 /* PBXTargetDependency */,
			);
			name = UnitTests;
			productName = UnitTests;
			productReference = D0294DD81A93F33900702856 /* UnitTests.xctest */;
			productType = "com.apple.product-type.bundle.unit-test";
		};
		D6F57E291A8BE4AF00B62BD9 /* Programmatic */ = {
			isa = PBXNativeTarget;
			buildConfigurationList = D6F57E4A1A8BE4AF00B62BD9 /* Build configuration list for PBXNativeTarget "Programmatic" */;
			buildPhases = (
				B50C7EE48518759D06C61B68 /* Check Pods Manifest.lock */,
				D6F57E261A8BE4AF00B62BD9 /* Sources */,
				D6F57E271A8BE4AF00B62BD9 /* Frameworks */,
				D6F57E281A8BE4AF00B62BD9 /* Resources */,
				573A9B28540919287FAEFCDD /* Copy Pods Resources */,
			);
			buildRules = (
			);
			dependencies = (
			);
			name = Programmatic;
			productName = Programmatic;
			productReference = D6F57E2A1A8BE4AF00B62BD9 /* Programmatic.app */;
			productType = "com.apple.product-type.application";
		};
		D6F57E411A8BE4AF00B62BD9 /* ProgrammaticTests */ = {
			isa = PBXNativeTarget;
			buildConfigurationList = D6F57E4D1A8BE4AF00B62BD9 /* Build configuration list for PBXNativeTarget "ProgrammaticTests" */;
			buildPhases = (
				6FAD23149AA9BF6D56FF9110 /* Check Pods Manifest.lock */,
				D6F57E3E1A8BE4AF00B62BD9 /* Sources */,
				D6F57E3F1A8BE4AF00B62BD9 /* Frameworks */,
				D6F57E401A8BE4AF00B62BD9 /* Resources */,
				1169143FCDC87DBA84ADF300 /* Copy Pods Resources */,
			);
			buildRules = (
			);
			dependencies = (
				D6F57E441A8BE4AF00B62BD9 /* PBXTargetDependency */,
			);
			name = ProgrammaticTests;
			productName = ProgrammaticTests;
			productReference = D6F57E421A8BE4AF00B62BD9 /* ProgrammaticTests.xctest */;
			productType = "com.apple.product-type.bundle.unit-test";
		};
		D6F57E531A8BE4B500B62BD9 /* Storyboard */ = {
			isa = PBXNativeTarget;
			buildConfigurationList = D6F57E741A8BE4B600B62BD9 /* Build configuration list for PBXNativeTarget "Storyboard" */;
			buildPhases = (
				F9613ACCC7C72A51C7180ED3 /* Check Pods Manifest.lock */,
				D6F57E501A8BE4B500B62BD9 /* Sources */,
				D6F57E511A8BE4B500B62BD9 /* Frameworks */,
				D6F57E521A8BE4B500B62BD9 /* Resources */,
				3D8797AC41AFCD9C7319560D /* Copy Pods Resources */,
			);
			buildRules = (
			);
			dependencies = (
			);
			name = Storyboard;
			productName = Storyboard;
			productReference = D6F57E541A8BE4B500B62BD9 /* Storyboard.app */;
			productType = "com.apple.product-type.application";
		};
		D6F57E6B1A8BE4B500B62BD9 /* StoryboardTests */ = {
			isa = PBXNativeTarget;
			buildConfigurationList = D6F57E771A8BE4B600B62BD9 /* Build configuration list for PBXNativeTarget "StoryboardTests" */;
			buildPhases = (
				C5FD7EFFA0D50CA19B14C650 /* Check Pods Manifest.lock */,
				D6F57E681A8BE4B500B62BD9 /* Sources */,
				D6F57E691A8BE4B500B62BD9 /* Frameworks */,
				D6F57E6A1A8BE4B500B62BD9 /* Resources */,
				CB2C08D598EEDD79D448DCBA /* Copy Pods Resources */,
			);
			buildRules = (
			);
			dependencies = (
				D6F57E6E1A8BE4B600B62BD9 /* PBXTargetDependency */,
			);
			name = StoryboardTests;
			productName = StoryboardTests;
			productReference = D6F57E6C1A8BE4B500B62BD9 /* StoryboardTests.xctest */;
			productType = "com.apple.product-type.bundle.unit-test";
		};
/* End PBXNativeTarget section */

/* Begin PBXProject section */
		D0D778891A02E2B2000A5F51 /* Project object */ = {
			isa = PBXProject;
			attributes = {
				LastUpgradeCheck = 0610;
				TargetAttributes = {
					D0294DD71A93F33900702856 = {
						CreatedOnToolsVersion = 6.1.1;
						TestTargetID = D6F57E291A8BE4AF00B62BD9;
					};
					D6F57E291A8BE4AF00B62BD9 = {
						CreatedOnToolsVersion = 6.1.1;
					};
					D6F57E411A8BE4AF00B62BD9 = {
						CreatedOnToolsVersion = 6.1.1;
						TestTargetID = D6F57E291A8BE4AF00B62BD9;
					};
					D6F57E531A8BE4B500B62BD9 = {
						CreatedOnToolsVersion = 6.1.1;
					};
					D6F57E6B1A8BE4B500B62BD9 = {
						CreatedOnToolsVersion = 6.1.1;
						TestTargetID = D6F57E531A8BE4B500B62BD9;
					};
				};
			};
			buildConfigurationList = D0D7788C1A02E2B2000A5F51 /* Build configuration list for PBXProject "Atlas" */;
			compatibilityVersion = "Xcode 3.2";
			developmentRegion = English;
			hasScannedForEncodings = 0;
			knownRegions = (
				en,
				Base,
			);
			mainGroup = D0D778881A02E2B2000A5F51;
			productRefGroup = D0D778941A02EAA9000A5F51 /* Products */;
			projectDirPath = "";
			projectRoot = "";
			targets = (
				D6F57E291A8BE4AF00B62BD9 /* Programmatic */,
				D6F57E411A8BE4AF00B62BD9 /* ProgrammaticTests */,
				D6F57E531A8BE4B500B62BD9 /* Storyboard */,
				D6F57E6B1A8BE4B500B62BD9 /* StoryboardTests */,
				D0294DD71A93F33900702856 /* UnitTests */,
			);
		};
/* End PBXProject section */

/* Begin PBXResourcesBuildPhase section */
		D0294DD61A93F33900702856 /* Resources */ = {
			isa = PBXResourcesBuildPhase;
			buildActionMask = 2147483647;
			files = (
			);
			runOnlyForDeploymentPostprocessing = 0;
		};
		D6F57E281A8BE4AF00B62BD9 /* Resources */ = {
			isa = PBXResourcesBuildPhase;
			buildActionMask = 2147483647;
			files = (
				D6C0454B1A9941CD0028E9D0 /* test-logo.png in Resources */,
				D0294DE71A93F37A00702856 /* Info.plist in Resources */,
				D6F405E71A8FDE3900AE9581 /* Images.xcassets in Resources */,
			);
			runOnlyForDeploymentPostprocessing = 0;
		};
		D6F57E401A8BE4AF00B62BD9 /* Resources */ = {
			isa = PBXResourcesBuildPhase;
			buildActionMask = 2147483647;
			files = (
			);
			runOnlyForDeploymentPostprocessing = 0;
		};
		D6F57E521A8BE4B500B62BD9 /* Resources */ = {
			isa = PBXResourcesBuildPhase;
			buildActionMask = 2147483647;
			files = (
				D6D48F921A9D165600C8872E /* Atlas.storyboard in Resources */,
			);
			runOnlyForDeploymentPostprocessing = 0;
		};
		D6F57E6A1A8BE4B500B62BD9 /* Resources */ = {
			isa = PBXResourcesBuildPhase;
			buildActionMask = 2147483647;
			files = (
				D63C68E11A94250000D235D5 /* test-logo.png in Resources */,
			);
			runOnlyForDeploymentPostprocessing = 0;
		};
/* End PBXResourcesBuildPhase section */

/* Begin PBXShellScriptBuildPhase section */
		1169143FCDC87DBA84ADF300 /* Copy Pods Resources */ = {
			isa = PBXShellScriptBuildPhase;
			buildActionMask = 2147483647;
			files = (
			);
			inputPaths = (
			);
			name = "Copy Pods Resources";
			outputPaths = (
			);
			runOnlyForDeploymentPostprocessing = 0;
			shellPath = /bin/sh;
			shellScript = "\"${SRCROOT}/Pods/Target Support Files/Pods-ProgrammaticTests/Pods-ProgrammaticTests-resources.sh\"\n";
			showEnvVarsInLog = 0;
		};
		3D8797AC41AFCD9C7319560D /* Copy Pods Resources */ = {
			isa = PBXShellScriptBuildPhase;
			buildActionMask = 2147483647;
			files = (
			);
			inputPaths = (
			);
			name = "Copy Pods Resources";
			outputPaths = (
			);
			runOnlyForDeploymentPostprocessing = 0;
			shellPath = /bin/sh;
			shellScript = "\"${SRCROOT}/Pods/Target Support Files/Pods-Storyboard/Pods-Storyboard-resources.sh\"\n";
			showEnvVarsInLog = 0;
		};
		5709F55296E532EA01587B33 /* Check Pods Manifest.lock */ = {
			isa = PBXShellScriptBuildPhase;
			buildActionMask = 2147483647;
			files = (
			);
			inputPaths = (
			);
			name = "Check Pods Manifest.lock";
			outputPaths = (
			);
			runOnlyForDeploymentPostprocessing = 0;
			shellPath = /bin/sh;
			shellScript = "diff \"${PODS_ROOT}/../Podfile.lock\" \"${PODS_ROOT}/Manifest.lock\" > /dev/null\nif [[ $? != 0 ]] ; then\n    cat << EOM\nerror: The sandbox is not in sync with the Podfile.lock. Run 'pod install' or update your CocoaPods installation.\nEOM\n    exit 1\nfi\n";
			showEnvVarsInLog = 0;
		};
		573A9B28540919287FAEFCDD /* Copy Pods Resources */ = {
			isa = PBXShellScriptBuildPhase;
			buildActionMask = 2147483647;
			files = (
			);
			inputPaths = (
			);
			name = "Copy Pods Resources";
			outputPaths = (
			);
			runOnlyForDeploymentPostprocessing = 0;
			shellPath = /bin/sh;
			shellScript = "\"${SRCROOT}/Pods/Target Support Files/Pods-Programmatic/Pods-Programmatic-resources.sh\"\n";
			showEnvVarsInLog = 0;
		};
		6FAD23149AA9BF6D56FF9110 /* Check Pods Manifest.lock */ = {
			isa = PBXShellScriptBuildPhase;
			buildActionMask = 2147483647;
			files = (
			);
			inputPaths = (
			);
			name = "Check Pods Manifest.lock";
			outputPaths = (
			);
			runOnlyForDeploymentPostprocessing = 0;
			shellPath = /bin/sh;
			shellScript = "diff \"${PODS_ROOT}/../Podfile.lock\" \"${PODS_ROOT}/Manifest.lock\" > /dev/null\nif [[ $? != 0 ]] ; then\n    cat << EOM\nerror: The sandbox is not in sync with the Podfile.lock. Run 'pod install' or update your CocoaPods installation.\nEOM\n    exit 1\nfi\n";
			showEnvVarsInLog = 0;
		};
		88FEFE0196AD927F8CA10C33 /* Copy Pods Resources */ = {
			isa = PBXShellScriptBuildPhase;
			buildActionMask = 2147483647;
			files = (
			);
			inputPaths = (
			);
			name = "Copy Pods Resources";
			outputPaths = (
			);
			runOnlyForDeploymentPostprocessing = 0;
			shellPath = /bin/sh;
			shellScript = "\"${SRCROOT}/Pods/Target Support Files/Pods-UnitTests/Pods-UnitTests-resources.sh\"\n";
			showEnvVarsInLog = 0;
		};
		B50C7EE48518759D06C61B68 /* Check Pods Manifest.lock */ = {
			isa = PBXShellScriptBuildPhase;
			buildActionMask = 2147483647;
			files = (
			);
			inputPaths = (
			);
			name = "Check Pods Manifest.lock";
			outputPaths = (
			);
			runOnlyForDeploymentPostprocessing = 0;
			shellPath = /bin/sh;
			shellScript = "diff \"${PODS_ROOT}/../Podfile.lock\" \"${PODS_ROOT}/Manifest.lock\" > /dev/null\nif [[ $? != 0 ]] ; then\n    cat << EOM\nerror: The sandbox is not in sync with the Podfile.lock. Run 'pod install' or update your CocoaPods installation.\nEOM\n    exit 1\nfi\n";
			showEnvVarsInLog = 0;
		};
		C5FD7EFFA0D50CA19B14C650 /* Check Pods Manifest.lock */ = {
			isa = PBXShellScriptBuildPhase;
			buildActionMask = 2147483647;
			files = (
			);
			inputPaths = (
			);
			name = "Check Pods Manifest.lock";
			outputPaths = (
			);
			runOnlyForDeploymentPostprocessing = 0;
			shellPath = /bin/sh;
			shellScript = "diff \"${PODS_ROOT}/../Podfile.lock\" \"${PODS_ROOT}/Manifest.lock\" > /dev/null\nif [[ $? != 0 ]] ; then\n    cat << EOM\nerror: The sandbox is not in sync with the Podfile.lock. Run 'pod install' or update your CocoaPods installation.\nEOM\n    exit 1\nfi\n";
			showEnvVarsInLog = 0;
		};
		CB2C08D598EEDD79D448DCBA /* Copy Pods Resources */ = {
			isa = PBXShellScriptBuildPhase;
			buildActionMask = 2147483647;
			files = (
			);
			inputPaths = (
			);
			name = "Copy Pods Resources";
			outputPaths = (
			);
			runOnlyForDeploymentPostprocessing = 0;
			shellPath = /bin/sh;
			shellScript = "\"${SRCROOT}/Pods/Target Support Files/Pods-StoryboardTests/Pods-StoryboardTests-resources.sh\"\n";
			showEnvVarsInLog = 0;
		};
		F9613ACCC7C72A51C7180ED3 /* Check Pods Manifest.lock */ = {
			isa = PBXShellScriptBuildPhase;
			buildActionMask = 2147483647;
			files = (
			);
			inputPaths = (
			);
			name = "Check Pods Manifest.lock";
			outputPaths = (
			);
			runOnlyForDeploymentPostprocessing = 0;
			shellPath = /bin/sh;
			shellScript = "diff \"${PODS_ROOT}/../Podfile.lock\" \"${PODS_ROOT}/Manifest.lock\" > /dev/null\nif [[ $? != 0 ]] ; then\n    cat << EOM\nerror: The sandbox is not in sync with the Podfile.lock. Run 'pod install' or update your CocoaPods installation.\nEOM\n    exit 1\nfi\n";
			showEnvVarsInLog = 0;
		};
/* End PBXShellScriptBuildPhase section */

/* Begin PBXSourcesBuildPhase section */
		D0294DD41A93F33900702856 /* Sources */ = {
			isa = PBXSourcesBuildPhase;
			buildActionMask = 2147483647;
			files = (
				D02CDCDD1A9FFC930013CBE8 /* ATLTestUtilities.m in Sources */,
				D0294DE81A93F39300702856 /* ATLMediaStreamTests.m in Sources */,
				D04517141A9F9A0C00E137D9 /* ATLMediaAttachmentTests.m in Sources */,
			);
			runOnlyForDeploymentPostprocessing = 0;
		};
		D6F57E261A8BE4AF00B62BD9 /* Sources */ = {
			isa = PBXSourcesBuildPhase;
			buildActionMask = 2147483647;
			files = (
				D6F405AF1A8FDDAA00AE9581 /* ATLSampleConversationAvatarItem.m in Sources */,
				D6F405CB1A8FDDE300AE9581 /* ATLUserMock.m in Sources */,
				D6C045451A9914090028E9D0 /* ProgrammaticAppDelegate.m in Sources */,
				D6F405CA1A8FDDE300AE9581 /* LYRQueryControllerMock.m in Sources */,
				D6F405E91A8FDE3900AE9581 /* main.m in Sources */,
				D6F405C51A8FDDE300AE9581 /* LYRClientMock.m in Sources */,
				D02CDCDB1A9FFC930013CBE8 /* ATLTestUtilities.m in Sources */,
				D6F405B01A8FDDAA00AE9581 /* ATLSampleConversationListViewController.m in Sources */,
				D6F405C81A8FDDE300AE9581 /* LYRMessagePartMock.m in Sources */,
				D6F405B21A8FDDAA00AE9581 /* ATLSampleParticipantTableViewController.m in Sources */,
				D6F405C61A8FDDE300AE9581 /* LYRConversationMock.m in Sources */,
				D6F405B11A8FDDAA00AE9581 /* ATLSampleConversationViewController.m in Sources */,
				D6F405C71A8FDDE300AE9581 /* LYRMessageMock.m in Sources */,
				D6F405C91A8FDDE300AE9581 /* LYRMockContentStore.m in Sources */,
			);
			runOnlyForDeploymentPostprocessing = 0;
		};
		D6F57E3E1A8BE4AF00B62BD9 /* Sources */ = {
			isa = PBXSourcesBuildPhase;
			buildActionMask = 2147483647;
			files = (
				D6F406361A8FE28C00AE9581 /* ATLTestInterface.m in Sources */,
				D6F406351A8FE28900AE9581 /* LYRClientMockTests.m in Sources */,
				D6F406341A8FE28600AE9581 /* ATLTestClasses.m in Sources */,
				D6F4062C1A8FE28000AE9581 /* ATLConversationListViewControllerTest.m in Sources */,
				D6F4062D1A8FE28000AE9581 /* ATLConversationTableViewCellTest.m in Sources */,
				D6F4062E1A8FE28000AE9581 /* ATLConversationViewControllerTest.m in Sources */,
				5AF32FD31AA59C39005C13D7 /* ATLUserMockTest.m in Sources */,
				D6F4062F1A8FE28000AE9581 /* ATLMessageCollectionViewCellTest.m in Sources */,
				D6F406301A8FE28000AE9581 /* ATLMessageInputBarTest.m in Sources */,
				D6C0454F1A9953C70028E9D0 /* ALTAddressBarControllerTest.m in Sources */,
				D6F406321A8FE28000AE9581 /* ATLParticipantTableViewControllerTest.m in Sources */,
				D6F406331A8FE28000AE9581 /* ATLParticipantTableViewCellTest.m in Sources */,
			);
			runOnlyForDeploymentPostprocessing = 0;
		};
		D6F57E501A8BE4B500B62BD9 /* Sources */ = {
			isa = PBXSourcesBuildPhase;
			buildActionMask = 2147483647;
			files = (
				D6D48F901A9D159000C8872E /* main.m in Sources */,
				D6D48F851A9D140F00C8872E /* LYRClientMock.m in Sources */,
				D6D48F861A9D140F00C8872E /* LYRConversationMock.m in Sources */,
				D6D48F871A9D140F00C8872E /* LYRMessageMock.m in Sources */,
				D6D48F881A9D140F00C8872E /* LYRMessagePartMock.m in Sources */,
				D6D48F891A9D140F00C8872E /* LYRMockContentStore.m in Sources */,
				D02CDCDC1A9FFC930013CBE8 /* ATLTestUtilities.m in Sources */,
				D6D48F8A1A9D140F00C8872E /* LYRQueryControllerMock.m in Sources */,
				D6D48F8B1A9D140F00C8872E /* ATLUserMock.m in Sources */,
				D6D48F8C1A9D140F00C8872E /* ATLSampleConversationAvatarItem.m in Sources */,
				D6D48F8D1A9D140F00C8872E /* ATLSampleConversationListViewController.m in Sources */,
				D6D48F8E1A9D140F00C8872E /* ATLSampleConversationViewController.m in Sources */,
				D6D48F8F1A9D140F00C8872E /* ATLSampleParticipantTableViewController.m in Sources */,
				D6F406261A8FDF5900AE9581 /* StoryboardAppDelegate.m in Sources */,
			);
			runOnlyForDeploymentPostprocessing = 0;
		};
		D6F57E681A8BE4B500B62BD9 /* Sources */ = {
			isa = PBXSourcesBuildPhase;
			buildActionMask = 2147483647;
			files = (
				D6A122B51A9D2CA2004F67BE /* ATLTestClasses.m in Sources */,
				D6A122B61A9D2CA2004F67BE /* ATLTestInterface.m in Sources */,
				D6A122B71A9D2CA2004F67BE /* LYRClientMockTests.m in Sources */,
				D6A122B81A9D2CA2004F67BE /* ATLConversationTableViewCellTest.m in Sources */,
				D6A122B91A9D2CA2004F67BE /* ATLMessageCollectionViewCellTest.m in Sources */,
				D6A122BA1A9D2CA2004F67BE /* ATLParticipantTableViewCellTest.m in Sources */,
				D6A122BB1A9D2CA2004F67BE /* ATLConversationListViewControllerTest.m in Sources */,
				D6A122BC1A9D2CA2004F67BE /* ATLConversationViewControllerTest.m in Sources */,
				D6A122BD1A9D2CA2004F67BE /* ATLMessageInputBarTest.m in Sources */,
				D6A122BE1A9D2CA2004F67BE /* ATLParticipantTableViewControllerTest.m in Sources */,
				D6A122BF1A9D2CA2004F67BE /* ALTAddressBarControllerTest.m in Sources */,
			);
			runOnlyForDeploymentPostprocessing = 0;
		};
/* End PBXSourcesBuildPhase section */

/* Begin PBXTargetDependency section */
		D0294DDF1A93F33900702856 /* PBXTargetDependency */ = {
			isa = PBXTargetDependency;
			target = D6F57E291A8BE4AF00B62BD9 /* Programmatic */;
			targetProxy = D0294DDE1A93F33900702856 /* PBXContainerItemProxy */;
		};
		D6F57E441A8BE4AF00B62BD9 /* PBXTargetDependency */ = {
			isa = PBXTargetDependency;
			target = D6F57E291A8BE4AF00B62BD9 /* Programmatic */;
			targetProxy = D6F57E431A8BE4AF00B62BD9 /* PBXContainerItemProxy */;
		};
		D6F57E6E1A8BE4B600B62BD9 /* PBXTargetDependency */ = {
			isa = PBXTargetDependency;
			target = D6F57E531A8BE4B500B62BD9 /* Storyboard */;
			targetProxy = D6F57E6D1A8BE4B600B62BD9 /* PBXContainerItemProxy */;
		};
/* End PBXTargetDependency section */

/* Begin PBXVariantGroup section */
		D6F405D01A8FDE1B00AE9581 /* LaunchScreen.xib */ = {
			isa = PBXVariantGroup;
			children = (
				D6F405D11A8FDE1B00AE9581 /* Base */,
			);
			name = LaunchScreen.xib;
			sourceTree = "<group>";
		};
		D6F405E01A8FDE3900AE9581 /* LaunchScreen.xib */ = {
			isa = PBXVariantGroup;
			children = (
				D6F405E11A8FDE3900AE9581 /* Base */,
			);
			name = LaunchScreen.xib;
			sourceTree = "<group>";
		};
/* End PBXVariantGroup section */

/* Begin XCBuildConfiguration section */
		D0294DE01A93F33900702856 /* Debug */ = {
			isa = XCBuildConfiguration;
			baseConfigurationReference = 6334472F1BD9D5C3E110141E /* Pods-UnitTests.debug.xcconfig */;
			buildSettings = {
				ALWAYS_SEARCH_USER_PATHS = NO;
				BUNDLE_LOADER = "$(TEST_HOST)";
				CLANG_CXX_LANGUAGE_STANDARD = "gnu++0x";
				CLANG_CXX_LIBRARY = "libc++";
				CLANG_ENABLE_MODULES = YES;
				CLANG_ENABLE_OBJC_ARC = YES;
				CLANG_WARN_BOOL_CONVERSION = YES;
				CLANG_WARN_CONSTANT_CONVERSION = YES;
				CLANG_WARN_DIRECT_OBJC_ISA_USAGE = YES_ERROR;
				CLANG_WARN_EMPTY_BODY = YES;
				CLANG_WARN_ENUM_CONVERSION = YES;
				CLANG_WARN_INT_CONVERSION = YES;
				CLANG_WARN_OBJC_ROOT_CLASS = YES_ERROR;
				CLANG_WARN_UNREACHABLE_CODE = YES;
				CLANG_WARN__DUPLICATE_METHOD_MATCH = YES;
				CODE_SIGN_IDENTITY = "iPhone Developer";
				COPY_PHASE_STRIP = NO;
				ENABLE_STRICT_OBJC_MSGSEND = YES;
				FRAMEWORK_SEARCH_PATHS = (
					"$(SDKROOT)/Developer/Library/Frameworks",
					"$(inherited)",
				);
				GCC_C_LANGUAGE_STANDARD = gnu99;
				GCC_DYNAMIC_NO_PIC = NO;
				GCC_OPTIMIZATION_LEVEL = 0;
				GCC_PREPROCESSOR_DEFINITIONS = (
					"DEBUG=1",
					"$(inherited)",
				);
				GCC_SYMBOLS_PRIVATE_EXTERN = NO;
				GCC_WARN_64_TO_32_BIT_CONVERSION = YES;
				GCC_WARN_ABOUT_RETURN_TYPE = YES_ERROR;
				GCC_WARN_UNDECLARED_SELECTOR = YES;
				GCC_WARN_UNINITIALIZED_AUTOS = YES_AGGRESSIVE;
				GCC_WARN_UNUSED_FUNCTION = YES;
				GCC_WARN_UNUSED_VARIABLE = YES;
				INFOPLIST_FILE = Tests/Info.plist;
				IPHONEOS_DEPLOYMENT_TARGET = 7.1;
				LD_RUNPATH_SEARCH_PATHS = "$(inherited) @executable_path/Frameworks @loader_path/Frameworks";
				MTL_ENABLE_DEBUG_INFO = YES;
				PRODUCT_NAME = "$(TARGET_NAME)";
				SDKROOT = iphoneos;
				TEST_HOST = "$(BUILT_PRODUCTS_DIR)/Programmatic.app/Programmatic";
			};
			name = Debug;
		};
		D0294DE11A93F33900702856 /* Release */ = {
			isa = XCBuildConfiguration;
			baseConfigurationReference = C16C4DB7F78BFA3144C11654 /* Pods-UnitTests.release.xcconfig */;
			buildSettings = {
				ALWAYS_SEARCH_USER_PATHS = NO;
				BUNDLE_LOADER = "$(TEST_HOST)";
				CLANG_CXX_LANGUAGE_STANDARD = "gnu++0x";
				CLANG_CXX_LIBRARY = "libc++";
				CLANG_ENABLE_MODULES = YES;
				CLANG_ENABLE_OBJC_ARC = YES;
				CLANG_WARN_BOOL_CONVERSION = YES;
				CLANG_WARN_CONSTANT_CONVERSION = YES;
				CLANG_WARN_DIRECT_OBJC_ISA_USAGE = YES_ERROR;
				CLANG_WARN_EMPTY_BODY = YES;
				CLANG_WARN_ENUM_CONVERSION = YES;
				CLANG_WARN_INT_CONVERSION = YES;
				CLANG_WARN_OBJC_ROOT_CLASS = YES_ERROR;
				CLANG_WARN_UNREACHABLE_CODE = YES;
				CLANG_WARN__DUPLICATE_METHOD_MATCH = YES;
				CODE_SIGN_IDENTITY = "iPhone Developer";
				COPY_PHASE_STRIP = YES;
				ENABLE_NS_ASSERTIONS = NO;
				ENABLE_STRICT_OBJC_MSGSEND = YES;
				FRAMEWORK_SEARCH_PATHS = (
					"$(SDKROOT)/Developer/Library/Frameworks",
					"$(inherited)",
				);
				GCC_C_LANGUAGE_STANDARD = gnu99;
				GCC_WARN_64_TO_32_BIT_CONVERSION = YES;
				GCC_WARN_ABOUT_RETURN_TYPE = YES_ERROR;
				GCC_WARN_UNDECLARED_SELECTOR = YES;
				GCC_WARN_UNINITIALIZED_AUTOS = YES_AGGRESSIVE;
				GCC_WARN_UNUSED_FUNCTION = YES;
				GCC_WARN_UNUSED_VARIABLE = YES;
				INFOPLIST_FILE = Tests/Info.plist;
				IPHONEOS_DEPLOYMENT_TARGET = 7.1;
				LD_RUNPATH_SEARCH_PATHS = "$(inherited) @executable_path/Frameworks @loader_path/Frameworks";
				MTL_ENABLE_DEBUG_INFO = NO;
				PRODUCT_NAME = "$(TARGET_NAME)";
				SDKROOT = iphoneos;
				TEST_HOST = "$(BUILT_PRODUCTS_DIR)/Programmatic.app/Programmatic";
				VALIDATE_PRODUCT = YES;
			};
			name = Release;
		};
		D0D7788D1A02E2B2000A5F51 /* Debug */ = {
			isa = XCBuildConfiguration;
			buildSettings = {
				ONLY_ACTIVE_ARCH = YES;
			};
			name = Debug;
		};
		D0D7788E1A02E2B2000A5F51 /* Release */ = {
			isa = XCBuildConfiguration;
			buildSettings = {
			};
			name = Release;
		};
		D6F57E4B1A8BE4AF00B62BD9 /* Debug */ = {
			isa = XCBuildConfiguration;
			baseConfigurationReference = D96B401B3E790BAEA92C2D1F /* Pods-Programmatic.debug.xcconfig */;
			buildSettings = {
				ALWAYS_SEARCH_USER_PATHS = NO;
				ASSETCATALOG_COMPILER_APPICON_NAME = AppIcon;
				ASSETCATALOG_COMPILER_LAUNCHIMAGE_NAME = LaunchImage;
				CLANG_CXX_LANGUAGE_STANDARD = "gnu++0x";
				CLANG_CXX_LIBRARY = "libc++";
				CLANG_ENABLE_MODULES = YES;
				CLANG_ENABLE_OBJC_ARC = YES;
				CLANG_WARN_BOOL_CONVERSION = YES;
				CLANG_WARN_CONSTANT_CONVERSION = YES;
				CLANG_WARN_DIRECT_OBJC_ISA_USAGE = YES_ERROR;
				CLANG_WARN_EMPTY_BODY = YES;
				CLANG_WARN_ENUM_CONVERSION = YES;
				CLANG_WARN_INT_CONVERSION = YES;
				CLANG_WARN_OBJC_ROOT_CLASS = YES_ERROR;
				CLANG_WARN_UNREACHABLE_CODE = YES;
				CLANG_WARN__DUPLICATE_METHOD_MATCH = YES;
				CODE_SIGN_IDENTITY = "iPhone Developer";
				"CODE_SIGN_IDENTITY[sdk=iphoneos*]" = "iPhone Developer";
				COPY_PHASE_STRIP = NO;
				ENABLE_STRICT_OBJC_MSGSEND = YES;
				GCC_C_LANGUAGE_STANDARD = gnu99;
				GCC_DYNAMIC_NO_PIC = NO;
				GCC_OPTIMIZATION_LEVEL = 0;
				GCC_PREPROCESSOR_DEFINITIONS = (
					"DEBUG=1",
					"$(inherited)",
				);
				GCC_SYMBOLS_PRIVATE_EXTERN = NO;
				GCC_WARN_64_TO_32_BIT_CONVERSION = YES;
				GCC_WARN_ABOUT_RETURN_TYPE = YES_ERROR;
				GCC_WARN_UNDECLARED_SELECTOR = YES;
				GCC_WARN_UNINITIALIZED_AUTOS = YES_AGGRESSIVE;
				GCC_WARN_UNUSED_FUNCTION = YES;
				GCC_WARN_UNUSED_VARIABLE = YES;
				INFOPLIST_FILE = Examples/Programmatic/Info.plist;
				IPHONEOS_DEPLOYMENT_TARGET = 7.1;
				LD_RUNPATH_SEARCH_PATHS = "$(inherited) @executable_path/Frameworks";
				MTL_ENABLE_DEBUG_INFO = YES;
				PRODUCT_NAME = "$(TARGET_NAME)";
				SDKROOT = iphoneos;
			};
			name = Debug;
		};
		D6F57E4C1A8BE4AF00B62BD9 /* Release */ = {
			isa = XCBuildConfiguration;
			baseConfigurationReference = 5A30E6805E705AAD798FE808 /* Pods-Programmatic.release.xcconfig */;
			buildSettings = {
				ALWAYS_SEARCH_USER_PATHS = NO;
				ASSETCATALOG_COMPILER_APPICON_NAME = AppIcon;
				ASSETCATALOG_COMPILER_LAUNCHIMAGE_NAME = LaunchImage;
				CLANG_CXX_LANGUAGE_STANDARD = "gnu++0x";
				CLANG_CXX_LIBRARY = "libc++";
				CLANG_ENABLE_MODULES = YES;
				CLANG_ENABLE_OBJC_ARC = YES;
				CLANG_WARN_BOOL_CONVERSION = YES;
				CLANG_WARN_CONSTANT_CONVERSION = YES;
				CLANG_WARN_DIRECT_OBJC_ISA_USAGE = YES_ERROR;
				CLANG_WARN_EMPTY_BODY = YES;
				CLANG_WARN_ENUM_CONVERSION = YES;
				CLANG_WARN_INT_CONVERSION = YES;
				CLANG_WARN_OBJC_ROOT_CLASS = YES_ERROR;
				CLANG_WARN_UNREACHABLE_CODE = YES;
				CLANG_WARN__DUPLICATE_METHOD_MATCH = YES;
				CODE_SIGN_IDENTITY = "iPhone Developer";
				"CODE_SIGN_IDENTITY[sdk=iphoneos*]" = "iPhone Developer";
				COPY_PHASE_STRIP = YES;
				ENABLE_STRICT_OBJC_MSGSEND = YES;
				GCC_C_LANGUAGE_STANDARD = gnu99;
				GCC_WARN_64_TO_32_BIT_CONVERSION = YES;
				GCC_WARN_ABOUT_RETURN_TYPE = YES_ERROR;
				GCC_WARN_UNDECLARED_SELECTOR = YES;
				GCC_WARN_UNINITIALIZED_AUTOS = YES_AGGRESSIVE;
				GCC_WARN_UNUSED_FUNCTION = YES;
				GCC_WARN_UNUSED_VARIABLE = YES;
				INFOPLIST_FILE = Examples/Programmatic/Info.plist;
				IPHONEOS_DEPLOYMENT_TARGET = 7.1;
				LD_RUNPATH_SEARCH_PATHS = "$(inherited) @executable_path/Frameworks";
				MTL_ENABLE_DEBUG_INFO = NO;
				PRODUCT_NAME = "$(TARGET_NAME)";
				SDKROOT = iphoneos;
				VALIDATE_PRODUCT = YES;
			};
			name = Release;
		};
		D6F57E4E1A8BE4AF00B62BD9 /* Debug */ = {
			isa = XCBuildConfiguration;
			baseConfigurationReference = 036D01264618BE1AC6D4154A /* Pods-ProgrammaticTests.debug.xcconfig */;
			buildSettings = {
				ALWAYS_SEARCH_USER_PATHS = NO;
				BUNDLE_LOADER = "$(TEST_HOST)";
				CLANG_CXX_LANGUAGE_STANDARD = "gnu++0x";
				CLANG_CXX_LIBRARY = "libc++";
				CLANG_ENABLE_MODULES = YES;
				CLANG_ENABLE_OBJC_ARC = YES;
				CLANG_WARN_BOOL_CONVERSION = YES;
				CLANG_WARN_CONSTANT_CONVERSION = YES;
				CLANG_WARN_DIRECT_OBJC_ISA_USAGE = YES_ERROR;
				CLANG_WARN_EMPTY_BODY = YES;
				CLANG_WARN_ENUM_CONVERSION = YES;
				CLANG_WARN_INT_CONVERSION = YES;
				CLANG_WARN_OBJC_ROOT_CLASS = YES_ERROR;
				CLANG_WARN_UNREACHABLE_CODE = YES;
				CLANG_WARN__DUPLICATE_METHOD_MATCH = YES;
				COPY_PHASE_STRIP = NO;
				ENABLE_STRICT_OBJC_MSGSEND = YES;
				FRAMEWORK_SEARCH_PATHS = (
					"$(SDKROOT)/Developer/Library/Frameworks",
					"$(inherited)",
				);
				GCC_C_LANGUAGE_STANDARD = gnu99;
				GCC_DYNAMIC_NO_PIC = NO;
				GCC_OPTIMIZATION_LEVEL = 0;
				GCC_PREPROCESSOR_DEFINITIONS = (
					"DEBUG=1",
					"$(inherited)",
				);
				GCC_SYMBOLS_PRIVATE_EXTERN = NO;
				GCC_WARN_64_TO_32_BIT_CONVERSION = YES;
				GCC_WARN_ABOUT_RETURN_TYPE = YES_ERROR;
				GCC_WARN_UNDECLARED_SELECTOR = YES;
				GCC_WARN_UNINITIALIZED_AUTOS = YES_AGGRESSIVE;
				GCC_WARN_UNUSED_FUNCTION = YES;
				GCC_WARN_UNUSED_VARIABLE = YES;
				INFOPLIST_FILE = "Tests/Resources/ProgrammaticTests-Info.plist";
				IPHONEOS_DEPLOYMENT_TARGET = 8.1;
				LD_RUNPATH_SEARCH_PATHS = "$(inherited) @executable_path/Frameworks @loader_path/Frameworks";
				MTL_ENABLE_DEBUG_INFO = YES;
				PRODUCT_NAME = "$(TARGET_NAME)";
				SDKROOT = iphoneos;
				TEST_HOST = "$(BUILT_PRODUCTS_DIR)/Programmatic.app/Programmatic";
			};
			name = Debug;
		};
		D6F57E4F1A8BE4AF00B62BD9 /* Release */ = {
			isa = XCBuildConfiguration;
			baseConfigurationReference = 866487157645D4273D55AEF8 /* Pods-ProgrammaticTests.release.xcconfig */;
			buildSettings = {
				ALWAYS_SEARCH_USER_PATHS = NO;
				BUNDLE_LOADER = "$(TEST_HOST)";
				CLANG_CXX_LANGUAGE_STANDARD = "gnu++0x";
				CLANG_CXX_LIBRARY = "libc++";
				CLANG_ENABLE_MODULES = YES;
				CLANG_ENABLE_OBJC_ARC = YES;
				CLANG_WARN_BOOL_CONVERSION = YES;
				CLANG_WARN_CONSTANT_CONVERSION = YES;
				CLANG_WARN_DIRECT_OBJC_ISA_USAGE = YES_ERROR;
				CLANG_WARN_EMPTY_BODY = YES;
				CLANG_WARN_ENUM_CONVERSION = YES;
				CLANG_WARN_INT_CONVERSION = YES;
				CLANG_WARN_OBJC_ROOT_CLASS = YES_ERROR;
				CLANG_WARN_UNREACHABLE_CODE = YES;
				CLANG_WARN__DUPLICATE_METHOD_MATCH = YES;
				COPY_PHASE_STRIP = YES;
				ENABLE_NS_ASSERTIONS = NO;
				ENABLE_STRICT_OBJC_MSGSEND = YES;
				FRAMEWORK_SEARCH_PATHS = (
					"$(SDKROOT)/Developer/Library/Frameworks",
					"$(inherited)",
				);
				GCC_C_LANGUAGE_STANDARD = gnu99;
				GCC_WARN_64_TO_32_BIT_CONVERSION = YES;
				GCC_WARN_ABOUT_RETURN_TYPE = YES_ERROR;
				GCC_WARN_UNDECLARED_SELECTOR = YES;
				GCC_WARN_UNINITIALIZED_AUTOS = YES_AGGRESSIVE;
				GCC_WARN_UNUSED_FUNCTION = YES;
				GCC_WARN_UNUSED_VARIABLE = YES;
				INFOPLIST_FILE = "Tests/Resources/ProgrammaticTests-Info.plist";
				IPHONEOS_DEPLOYMENT_TARGET = 8.1;
				LD_RUNPATH_SEARCH_PATHS = "$(inherited) @executable_path/Frameworks @loader_path/Frameworks";
				MTL_ENABLE_DEBUG_INFO = NO;
				PRODUCT_NAME = "$(TARGET_NAME)";
				SDKROOT = iphoneos;
				TEST_HOST = "$(BUILT_PRODUCTS_DIR)/Programmatic.app/Programmatic";
				VALIDATE_PRODUCT = YES;
			};
			name = Release;
		};
		D6F57E751A8BE4B600B62BD9 /* Debug */ = {
			isa = XCBuildConfiguration;
			baseConfigurationReference = 24D48AA25D796157557FF613 /* Pods-Storyboard.debug.xcconfig */;
			buildSettings = {
				ALWAYS_SEARCH_USER_PATHS = NO;
				ASSETCATALOG_COMPILER_APPICON_NAME = AppIcon;
				CLANG_CXX_LANGUAGE_STANDARD = "gnu++0x";
				CLANG_CXX_LIBRARY = "libc++";
				CLANG_ENABLE_MODULES = YES;
				CLANG_ENABLE_OBJC_ARC = YES;
				CLANG_WARN_BOOL_CONVERSION = YES;
				CLANG_WARN_CONSTANT_CONVERSION = YES;
				CLANG_WARN_DIRECT_OBJC_ISA_USAGE = YES_ERROR;
				CLANG_WARN_EMPTY_BODY = YES;
				CLANG_WARN_ENUM_CONVERSION = YES;
				CLANG_WARN_INT_CONVERSION = YES;
				CLANG_WARN_OBJC_ROOT_CLASS = YES_ERROR;
				CLANG_WARN_UNREACHABLE_CODE = YES;
				CLANG_WARN__DUPLICATE_METHOD_MATCH = YES;
				CODE_SIGN_IDENTITY = "iPhone Developer";
				"CODE_SIGN_IDENTITY[sdk=iphoneos*]" = "iPhone Developer";
				COPY_PHASE_STRIP = NO;
				ENABLE_STRICT_OBJC_MSGSEND = YES;
				GCC_C_LANGUAGE_STANDARD = gnu99;
				GCC_DYNAMIC_NO_PIC = NO;
				GCC_OPTIMIZATION_LEVEL = 0;
				GCC_PREPROCESSOR_DEFINITIONS = (
					"DEBUG=1",
					"$(inherited)",
				);
				GCC_SYMBOLS_PRIVATE_EXTERN = NO;
				GCC_WARN_64_TO_32_BIT_CONVERSION = YES;
				GCC_WARN_ABOUT_RETURN_TYPE = YES_ERROR;
				GCC_WARN_UNDECLARED_SELECTOR = YES;
				GCC_WARN_UNINITIALIZED_AUTOS = YES_AGGRESSIVE;
				GCC_WARN_UNUSED_FUNCTION = YES;
				GCC_WARN_UNUSED_VARIABLE = YES;
				INFOPLIST_FILE = Examples/Storyboard/Info.plist;
				IPHONEOS_DEPLOYMENT_TARGET = 7.1;
				LD_RUNPATH_SEARCH_PATHS = "$(inherited) @executable_path/Frameworks";
				MTL_ENABLE_DEBUG_INFO = YES;
				PRODUCT_NAME = "$(TARGET_NAME)";
				SDKROOT = iphoneos;
			};
			name = Debug;
		};
		D6F57E761A8BE4B600B62BD9 /* Release */ = {
			isa = XCBuildConfiguration;
			baseConfigurationReference = 33DB815F6BA62C0A16EB4D19 /* Pods-Storyboard.release.xcconfig */;
			buildSettings = {
				ALWAYS_SEARCH_USER_PATHS = NO;
				ASSETCATALOG_COMPILER_APPICON_NAME = AppIcon;
				CLANG_CXX_LANGUAGE_STANDARD = "gnu++0x";
				CLANG_CXX_LIBRARY = "libc++";
				CLANG_ENABLE_MODULES = YES;
				CLANG_ENABLE_OBJC_ARC = YES;
				CLANG_WARN_BOOL_CONVERSION = YES;
				CLANG_WARN_CONSTANT_CONVERSION = YES;
				CLANG_WARN_DIRECT_OBJC_ISA_USAGE = YES_ERROR;
				CLANG_WARN_EMPTY_BODY = YES;
				CLANG_WARN_ENUM_CONVERSION = YES;
				CLANG_WARN_INT_CONVERSION = YES;
				CLANG_WARN_OBJC_ROOT_CLASS = YES_ERROR;
				CLANG_WARN_UNREACHABLE_CODE = YES;
				CLANG_WARN__DUPLICATE_METHOD_MATCH = YES;
				CODE_SIGN_IDENTITY = "iPhone Developer";
				"CODE_SIGN_IDENTITY[sdk=iphoneos*]" = "iPhone Developer";
				COPY_PHASE_STRIP = YES;
				ENABLE_STRICT_OBJC_MSGSEND = YES;
				GCC_C_LANGUAGE_STANDARD = gnu99;
				GCC_WARN_64_TO_32_BIT_CONVERSION = YES;
				GCC_WARN_ABOUT_RETURN_TYPE = YES_ERROR;
				GCC_WARN_UNDECLARED_SELECTOR = YES;
				GCC_WARN_UNINITIALIZED_AUTOS = YES_AGGRESSIVE;
				GCC_WARN_UNUSED_FUNCTION = YES;
				GCC_WARN_UNUSED_VARIABLE = YES;
				INFOPLIST_FILE = Examples/Storyboard/Info.plist;
				IPHONEOS_DEPLOYMENT_TARGET = 7.1;
				LD_RUNPATH_SEARCH_PATHS = "$(inherited) @executable_path/Frameworks";
				MTL_ENABLE_DEBUG_INFO = NO;
				PRODUCT_NAME = "$(TARGET_NAME)";
				SDKROOT = iphoneos;
				VALIDATE_PRODUCT = YES;
			};
			name = Release;
		};
		D6F57E781A8BE4B600B62BD9 /* Debug */ = {
			isa = XCBuildConfiguration;
			baseConfigurationReference = 1E25E423862E254994407AA1 /* Pods-StoryboardTests.debug.xcconfig */;
			buildSettings = {
				ALWAYS_SEARCH_USER_PATHS = NO;
				BUNDLE_LOADER = "$(TEST_HOST)";
				CLANG_CXX_LANGUAGE_STANDARD = "gnu++0x";
				CLANG_CXX_LIBRARY = "libc++";
				CLANG_ENABLE_MODULES = YES;
				CLANG_ENABLE_OBJC_ARC = YES;
				CLANG_WARN_BOOL_CONVERSION = YES;
				CLANG_WARN_CONSTANT_CONVERSION = YES;
				CLANG_WARN_DIRECT_OBJC_ISA_USAGE = YES_ERROR;
				CLANG_WARN_EMPTY_BODY = YES;
				CLANG_WARN_ENUM_CONVERSION = YES;
				CLANG_WARN_INT_CONVERSION = YES;
				CLANG_WARN_OBJC_ROOT_CLASS = YES_ERROR;
				CLANG_WARN_UNREACHABLE_CODE = YES;
				CLANG_WARN__DUPLICATE_METHOD_MATCH = YES;
				COPY_PHASE_STRIP = NO;
				ENABLE_STRICT_OBJC_MSGSEND = YES;
				FRAMEWORK_SEARCH_PATHS = (
					"$(SDKROOT)/Developer/Library/Frameworks",
					"$(inherited)",
				);
				GCC_C_LANGUAGE_STANDARD = gnu99;
				GCC_DYNAMIC_NO_PIC = NO;
				GCC_OPTIMIZATION_LEVEL = 0;
				GCC_PREPROCESSOR_DEFINITIONS = (
					"DEBUG=1",
					"$(inherited)",
				);
				GCC_SYMBOLS_PRIVATE_EXTERN = NO;
				GCC_WARN_64_TO_32_BIT_CONVERSION = YES;
				GCC_WARN_ABOUT_RETURN_TYPE = YES_ERROR;
				GCC_WARN_UNDECLARED_SELECTOR = YES;
				GCC_WARN_UNINITIALIZED_AUTOS = YES_AGGRESSIVE;
				GCC_WARN_UNUSED_FUNCTION = YES;
				GCC_WARN_UNUSED_VARIABLE = YES;
				INFOPLIST_FILE = "Tests/Resources/StoryboardTests-Info.plist";
				IPHONEOS_DEPLOYMENT_TARGET = 8.1;
				LD_RUNPATH_SEARCH_PATHS = "$(inherited) @executable_path/Frameworks @loader_path/Frameworks";
				MTL_ENABLE_DEBUG_INFO = YES;
				PRODUCT_NAME = "$(TARGET_NAME)";
				SDKROOT = iphoneos;
				TEST_HOST = "$(BUILT_PRODUCTS_DIR)/Storyboard.app/Storyboard";
			};
			name = Debug;
		};
		D6F57E791A8BE4B600B62BD9 /* Release */ = {
			isa = XCBuildConfiguration;
			baseConfigurationReference = 15E7B4DD8972A1B107DFF166 /* Pods-StoryboardTests.release.xcconfig */;
			buildSettings = {
				ALWAYS_SEARCH_USER_PATHS = NO;
				BUNDLE_LOADER = "$(TEST_HOST)";
				CLANG_CXX_LANGUAGE_STANDARD = "gnu++0x";
				CLANG_CXX_LIBRARY = "libc++";
				CLANG_ENABLE_MODULES = YES;
				CLANG_ENABLE_OBJC_ARC = YES;
				CLANG_WARN_BOOL_CONVERSION = YES;
				CLANG_WARN_CONSTANT_CONVERSION = YES;
				CLANG_WARN_DIRECT_OBJC_ISA_USAGE = YES_ERROR;
				CLANG_WARN_EMPTY_BODY = YES;
				CLANG_WARN_ENUM_CONVERSION = YES;
				CLANG_WARN_INT_CONVERSION = YES;
				CLANG_WARN_OBJC_ROOT_CLASS = YES_ERROR;
				CLANG_WARN_UNREACHABLE_CODE = YES;
				CLANG_WARN__DUPLICATE_METHOD_MATCH = YES;
				COPY_PHASE_STRIP = YES;
				ENABLE_NS_ASSERTIONS = NO;
				ENABLE_STRICT_OBJC_MSGSEND = YES;
				FRAMEWORK_SEARCH_PATHS = (
					"$(SDKROOT)/Developer/Library/Frameworks",
					"$(inherited)",
				);
				GCC_C_LANGUAGE_STANDARD = gnu99;
				GCC_WARN_64_TO_32_BIT_CONVERSION = YES;
				GCC_WARN_ABOUT_RETURN_TYPE = YES_ERROR;
				GCC_WARN_UNDECLARED_SELECTOR = YES;
				GCC_WARN_UNINITIALIZED_AUTOS = YES_AGGRESSIVE;
				GCC_WARN_UNUSED_FUNCTION = YES;
				GCC_WARN_UNUSED_VARIABLE = YES;
				INFOPLIST_FILE = "Tests/Resources/StoryboardTests-Info.plist";
				IPHONEOS_DEPLOYMENT_TARGET = 8.1;
				LD_RUNPATH_SEARCH_PATHS = "$(inherited) @executable_path/Frameworks @loader_path/Frameworks";
				MTL_ENABLE_DEBUG_INFO = NO;
				PRODUCT_NAME = "$(TARGET_NAME)";
				SDKROOT = iphoneos;
				TEST_HOST = "$(BUILT_PRODUCTS_DIR)/Storyboard.app/Storyboard";
				VALIDATE_PRODUCT = YES;
			};
			name = Release;
		};
/* End XCBuildConfiguration section */

/* Begin XCConfigurationList section */
		D0294DE21A93F33900702856 /* Build configuration list for PBXNativeTarget "UnitTests" */ = {
			isa = XCConfigurationList;
			buildConfigurations = (
				D0294DE01A93F33900702856 /* Debug */,
				D0294DE11A93F33900702856 /* Release */,
			);
			defaultConfigurationIsVisible = 0;
			defaultConfigurationName = Release;
		};
		D0D7788C1A02E2B2000A5F51 /* Build configuration list for PBXProject "Atlas" */ = {
			isa = XCConfigurationList;
			buildConfigurations = (
				D0D7788D1A02E2B2000A5F51 /* Debug */,
				D0D7788E1A02E2B2000A5F51 /* Release */,
			);
			defaultConfigurationIsVisible = 0;
			defaultConfigurationName = Release;
		};
		D6F57E4A1A8BE4AF00B62BD9 /* Build configuration list for PBXNativeTarget "Programmatic" */ = {
			isa = XCConfigurationList;
			buildConfigurations = (
				D6F57E4B1A8BE4AF00B62BD9 /* Debug */,
				D6F57E4C1A8BE4AF00B62BD9 /* Release */,
			);
			defaultConfigurationIsVisible = 0;
			defaultConfigurationName = Release;
		};
		D6F57E4D1A8BE4AF00B62BD9 /* Build configuration list for PBXNativeTarget "ProgrammaticTests" */ = {
			isa = XCConfigurationList;
			buildConfigurations = (
				D6F57E4E1A8BE4AF00B62BD9 /* Debug */,
				D6F57E4F1A8BE4AF00B62BD9 /* Release */,
			);
			defaultConfigurationIsVisible = 0;
			defaultConfigurationName = Release;
		};
		D6F57E741A8BE4B600B62BD9 /* Build configuration list for PBXNativeTarget "Storyboard" */ = {
			isa = XCConfigurationList;
			buildConfigurations = (
				D6F57E751A8BE4B600B62BD9 /* Debug */,
				D6F57E761A8BE4B600B62BD9 /* Release */,
			);
			defaultConfigurationIsVisible = 0;
			defaultConfigurationName = Release;
		};
		D6F57E771A8BE4B600B62BD9 /* Build configuration list for PBXNativeTarget "StoryboardTests" */ = {
			isa = XCConfigurationList;
			buildConfigurations = (
				D6F57E781A8BE4B600B62BD9 /* Debug */,
				D6F57E791A8BE4B600B62BD9 /* Release */,
			);
			defaultConfigurationIsVisible = 0;
			defaultConfigurationName = Release;
		};
/* End XCConfigurationList section */
	};
	rootObject = D0D778891A02E2B2000A5F51 /* Project object */;
}
